
Microsoft Visual Studio Solution File, Format Version 10.00
# Visual Studio 2008
Project("{F184B08F-C81C-45F6-A57F-5ABD9991F28F}") = "Recipe06-01", "Recipe06-01\Recipe06-01.vbproj", "{1A18F8F2-20F1-4A32-80C6-527677995510}"
EndProject
Project("{F184B08F-C81C-45F6-A57F-5ABD9991F28F}") = "Recipe06-03", "Recipe06-03\Recipe06-03.vbproj", "{F89CD745-C005-4A60-8C26-BFFFC14FA854}"
EndProject
Project("{F184B08F-C81C-45F6-A57F-5ABD9991F28F}") = "Recipe06-04", "Recipe06-04\Recipe06-04.vbproj", "{BE3909E7-EA43-4080-AE78-EC65870211DC}"
EndProject
Project("{F184B08F-C81C-45F6-A57F-5ABD9991F28F}") = "Recipe06-05", "Recipe06-05\Recipe06-05.vbproj", "{07CE0764-8931-4BD8-A7A8-BB991E05C110}"
EndProject
Project("{F184B08F-C81C-45F6-A57F-5ABD9991F28F}") = "Recipe06-07", "Recipe06-07\Recipe06-07.vbproj", "{BFC9772D-3413-4687-B8AA-76FE424A3172}"
EndProject
Project("{F184B08F-C81C-45F6-A57F-5ABD9991F28F}") = "Recipe06-08", "Recipe06-08\Recipe06-08.vbproj", "{390BCBEB-D76E-47FF-A3B4-5582D38866E2}"
EndProject
Project("{F184B08F-C81C-45F6-A57F-5ABD9991F28F}") = "Recipe06-09", "Recipe06-09\Recipe06-09.vbproj", "{B5DC63B9-BDD9-4675-B43D-7307596764C1}"
EndProject
Project("{F184B08F-C81C-45F6-A57F-5ABD9991F28F}") = "Recipe06-10", "Recipe06-10\Recipe06-10.vbproj", "{EF56F7F5-34CA-4CC6-ACD3-40DE58CCB7EC}"
EndProject
Project("{F184B08F-C81C-45F6-A57F-5ABD9991F28F}") = "Recipe06-11", "Recipe06-11\Recipe06-11.vbproj", "{BA663AB0-7CEF-4FD8-9408-A8FD16C33385}"
EndProject
Project("{F184B08F-C81C-45F6-A57F-5ABD9991F28F}") = "Recipe06-13", "Recipe06-13\Recipe06-13.vbproj", "{6FE4FFFD-731D-471C-8C59-680F7A6E5399}"
EndProject
Project("{F184B08F-C81C-45F6-A57F-5ABD9991F28F}") = "Recipe06-14", "Recipe06-14\Recipe06-14.vbproj", "{AECF9B15-8D84-4773-B85F-0C77FE2566EE}"
EndProject
Project("{F184B08F-C81C-45F6-A57F-5ABD9991F28F}") = "Recipe06-15", "Recipe06-15\Recipe06-15.vbproj", "{92476DD3-F0B4-4310-A105-9768B09DF7ED}"
EndProject
Global
	GlobalSection(SolutionConfigurationPlatforms) = preSolution
		Debug|Any CPU = Debug|Any CPU
		Release|Any CPU = Release|Any CPU
	EndGlobalSection
	GlobalSection(ProjectConfigurationPlatforms) = postSolution
		{1A18F8F2-20F1-4A32-80C6-527677995510}.Debug|Any CPU.ActiveCfg = Debug|Any CPU
		{1A18F8F2-20F1-4A32-80C6-527677995510}.Debug|Any CPU.Build.0 = Debug|Any CPU
		{1A18F8F2-20F1-4A32-80C6-527677995510}.Release|Any CPU.ActiveCfg = Release|Any CPU
		{1A18F8F2-20F1-4A32-80C6-527677995510}.Release|Any CPU.Build.0 = Release|Any CPU
		{F89CD745-C005-4A60-8C26-BFFFC14FA854}.Debug|Any CPU.ActiveCfg = Debug|Any CPU
		{F89CD745-C005-4A60-8C26-BFFFC14FA854}.Debug|Any CPU.Build.0 = Debug|Any CPU
		{F89CD745-C005-4A60-8C26-BFFFC14FA854}.Release|Any CPU.ActiveCfg = Release|Any CPU
		{F89CD745-C005-4A60-8C26-BFFFC14FA854}.Release|Any CPU.Build.0 = Release|Any CPU
		{BE3909E7-EA43-4080-AE78-EC65870211DC}.Debug|Any CPU.ActiveCfg = Debug|Any CPU
		{BE3909E7-EA43-4080-AE78-EC65870211DC}.Debug|Any CPU.Build.0 = Debug|Any CPU
		{BE3909E7-EA43-4080-AE78-EC65870211DC}.Release|Any CPU.ActiveCfg = Release|Any CPU
		{BE3909E7-EA43-4080-AE78-EC65870211DC}.Release|Any CPU.Build.0 = Release|Any CPU
		{07CE0764-8931-4BD8-A7A8-BB991E05C110}.Debug|Any CPU.ActiveCfg = Debug|Any CPU
		{07CE0764-8931-4BD8-A7A8-BB991E05C110}.Debug|Any CPU.Build.0 = Debug|Any CPU
		{07CE0764-8931-4BD8-A7A8-BB991E05C110}.Release|Any CPU.ActiveCfg = Release|Any CPU
		{07CE0764-8931-4BD8-A7A8-BB991E05C110}.Release|Any CPU.Build.0 = Release|Any CPU
		{BFC9772D-3413-4687-B8AA-76FE424A3172}.Debug|Any CPU.ActiveCfg = Debug|Any CPU
		{BFC9772D-3413-4687-B8AA-76FE424A3172}.Debug|Any CPU.Build.0 = Debug|Any CPU
		{BFC9772D-3413-4687-B8AA-76FE424A3172}.Release|Any CPU.ActiveCfg = Release|Any CPU
		{BFC9772D-3413-4687-B8AA-76FE424A3172}.Release|Any CPU.Build.0 = Release|Any CPU
		{390BCBEB-D76E-47FF-A3B4-5582D38866E2}.Debug|Any CPU.ActiveCfg = Debug|Any CPU
		{390BCBEB-D76E-47FF-A3B4-5582D38866E2}.Debug|Any CPU.Build.0 = Debug|Any CPU
		{390BCBEB-D76E-47FF-A3B4-5582D38866E2}.Release|Any CPU.ActiveCfg = Release|Any CPU
		{390BCBEB-D76E-47FF-A3B4-5582D38866E2}.Release|Any CPU.Build.0 = Release|Any CPU
		{B5DC63B9-BDD9-4675-B43D-7307596764C1}.Debug|Any CPU.ActiveCfg = Debug|Any CPU
		{B5DC63B9-BDD9-4675-B43D-7307596764C1}.Debug|Any CPU.Build.0 = Debug|Any CPU
		{B5DC63B9-BDD9-4675-B43D-7307596764C1}.Release|Any CPU.ActiveCfg = Release|Any CPU
		{B5DC63B9-BDD9-4675-B43D-7307596764C1}.Release|Any CPU.Build.0 = Release|Any CPU
		{EF56F7F5-34CA-4CC6-ACD3-40DE58CCB7EC}.Debug|Any CPU.ActiveCfg = Debug|Any CPU
		{EF56F7F5-34CA-4CC6-ACD3-40DE58CCB7EC}.Debug|Any CPU.Build.0 = Debug|Any CPU
		{EF56F7F5-34CA-4CC6-ACD3-40DE58CCB7EC}.Release|Any CPU.ActiveCfg = Release|Any CPU
		{EF56F7F5-34CA-4CC6-ACD3-40DE58CCB7EC}.Release|Any CPU.Build.0 = Release|Any CPU
		{BA663AB0-7CEF-4FD8-9408-A8FD16C33385}.Debug|Any CPU.ActiveCfg = Debug|Any CPU
		{BA663AB0-7CEF-4FD8-9408-A8FD16C33385}.Debug|Any CPU.Build.0 = Debug|Any CPU
		{BA663AB0-7CEF-4FD8-9408-A8FD16C33385}.Release|Any CPU.ActiveCfg = Release|Any CPU
		{BA663AB0-7CEF-4FD8-9408-A8FD16C33385}.Release|Any CPU.Build.0 = Release|Any CPU
		{6FE4FFFD-731D-471C-8C59-680F7A6E5399}.Debug|Any CPU.ActiveCfg = Debug|Any CPU
		{6FE4FFFD-731D-471C-8C59-680F7A6E5399}.Debug|Any CPU.Build.0 = Debug|Any CPU
		{6FE4FFFD-731D-471C-8C59-680F7A6E5399}.Release|Any CPU.ActiveCfg = Release|Any CPU
		{6FE4FFFD-731D-471C-8C59-680F7A6E5399}.Release|Any CPU.Build.0 = Release|Any CPU
		{AECF9B15-8D84-4773-B85F-0C77FE2566EE}.Debug|Any CPU.ActiveCfg = Debug|Any CPU
		{AECF9B15-8D84-4773-B85F-0C77FE2566EE}.Debug|Any CPU.Build.0 = Debug|Any CPU
		{AECF9B15-8D84-4773-B85F-0C77FE2566EE}.Release|Any CPU.ActiveCfg = Release|Any CPU
		{AECF9B15-8D84-4773-B85F-0C77FE2566EE}.Release|Any CPU.Build.0 = Release|Any CPU
		{92476DD3-F0B4-4310-A105-9768B09DF7ED}.Debug|Any CPU.ActiveCfg = Debug|Any CPU
		{92476DD3-F0B4-4310-A105-9768B09DF7ED}.Debug|Any CPU.Build.0 = Debug|Any CPU
		{92476DD3-F0B4-4310-A105-9768B09DF7ED}.Release|Any CPU.ActiveCfg = Release|Any CPU
		{92476DD3-F0B4-4310-A105-9768B09DF7ED}.Release|Any CPU.Build.0 = Release|Any CPU
	EndGlobalSection
	GlobalSection(SolutionProperties) = preSolution
		HideSolutionNode = FALSE
	EndGlobalSection
EndGlobal
