
Microsoft Visual Studio Solution File, Format Version 10.00
# Visual Studio 2008
Project("{F184B08F-C81C-45F6-A57F-5ABD9991F28F}") = "Recipe02-01", "Recipe02-01\Recipe02-01.vbproj", "{D55A71BB-A769-4EE6-802C-8A15EFB5465D}"
EndProject
Project("{F184B08F-C81C-45F6-A57F-5ABD9991F28F}") = "Recipe02-02", "Recipe02-02\Recipe02-02.vbproj", "{3C48DA39-65F9-4F77-9D6A-CD27E84E2EDF}"
EndProject
Project("{F184B08F-C81C-45F6-A57F-5ABD9991F28F}") = "Recipe02-03", "Recipe02-03\Recipe02-03.vbproj", "{0A6CF223-9CE2-4AB1-8AFF-6F505B813614}"
EndProject
Project("{F184B08F-C81C-45F6-A57F-5ABD9991F28F}") = "Recipe02-04", "Recipe02-04\Recipe02-04.vbproj", "{40FA7E0D-BDAF-4618-A042-113F5613CA4A}"
EndProject
Project("{F184B08F-C81C-45F6-A57F-5ABD9991F28F}") = "Recipe02-05", "Recipe02-05\Recipe02-05.vbproj", "{E69F43EF-E648-41D1-A095-0B699BB9A893}"
EndProject
Project("{F184B08F-C81C-45F6-A57F-5ABD9991F28F}") = "Recipe02-06", "Recipe02-06\Recipe02-06.vbproj", "{2D1A02F2-0AC3-4623-A41B-17D388309BAF}"
EndProject
Project("{F184B08F-C81C-45F6-A57F-5ABD9991F28F}") = "Recipe02-07", "Recipe02-07\Recipe02-07.vbproj", "{1A22844E-F9C9-4D69-9916-4EB86FE2240B}"
EndProject
Project("{F184B08F-C81C-45F6-A57F-5ABD9991F28F}") = "Recipe02-08", "Recipe02-08\Recipe02-08.vbproj", "{BBD06D2B-5CDE-44B4-883C-AC59D4D1BA57}"
EndProject
Project("{F184B08F-C81C-45F6-A57F-5ABD9991F28F}") = "Recipe02-09", "Recipe02-09\Recipe02-09.vbproj", "{E88010D4-5C7D-4DBC-BAF4-73C3F32673B8}"
EndProject
Project("{F184B08F-C81C-45F6-A57F-5ABD9991F28F}") = "Recipe02-10", "Recipe02-10\Recipe02-10.vbproj", "{53481757-F093-4B28-8615-B8FF54FB3E32}"
EndProject
Project("{F184B08F-C81C-45F6-A57F-5ABD9991F28F}") = "Recipe02-11", "Recipe02-11\Recipe02-11.vbproj", "{3AFA98FD-E062-4481-9265-C5F06010DA35}"
EndProject
Project("{F184B08F-C81C-45F6-A57F-5ABD9991F28F}") = "Recipe02-12", "Recipe02-12\Recipe02-12.vbproj", "{CC5902CC-5B96-4B22-A6FC-A3443C770F1B}"
EndProject
Project("{F184B08F-C81C-45F6-A57F-5ABD9991F28F}") = "Recipe02-13", "Recipe02-13\Recipe02-13.vbproj", "{D4DE996F-9D7B-4E20-94F8-790DD486BF02}"
EndProject
Project("{F184B08F-C81C-45F6-A57F-5ABD9991F28F}") = "Recipe02-14", "Recipe02-14\Recipe02-14.vbproj", "{DC4D48D3-D1D6-426B-840F-88964F754E1E}"
EndProject
Project("{F184B08F-C81C-45F6-A57F-5ABD9991F28F}") = "Recipe02-15", "Recipe02-15\Recipe02-15.vbproj", "{6BB0EF34-043F-43D0-80A3-96280FE6ECF0}"
EndProject
Project("{F184B08F-C81C-45F6-A57F-5ABD9991F28F}") = "Recipe02-16", "Recipe02-16\Recipe02-16.vbproj", "{5623BF15-B077-4AE0-9560-F35344E1DDE1}"
EndProject
Global
	GlobalSection(SolutionConfigurationPlatforms) = preSolution
		Debug|Any CPU = Debug|Any CPU
		Release|Any CPU = Release|Any CPU
	EndGlobalSection
	GlobalSection(ProjectConfigurationPlatforms) = postSolution
		{D55A71BB-A769-4EE6-802C-8A15EFB5465D}.Debug|Any CPU.ActiveCfg = Debug|Any CPU
		{D55A71BB-A769-4EE6-802C-8A15EFB5465D}.Debug|Any CPU.Build.0 = Debug|Any CPU
		{D55A71BB-A769-4EE6-802C-8A15EFB5465D}.Release|Any CPU.ActiveCfg = Release|Any CPU
		{D55A71BB-A769-4EE6-802C-8A15EFB5465D}.Release|Any CPU.Build.0 = Release|Any CPU
		{3C48DA39-65F9-4F77-9D6A-CD27E84E2EDF}.Debug|Any CPU.ActiveCfg = Debug|Any CPU
		{3C48DA39-65F9-4F77-9D6A-CD27E84E2EDF}.Debug|Any CPU.Build.0 = Debug|Any CPU
		{3C48DA39-65F9-4F77-9D6A-CD27E84E2EDF}.Release|Any CPU.ActiveCfg = Release|Any CPU
		{3C48DA39-65F9-4F77-9D6A-CD27E84E2EDF}.Release|Any CPU.Build.0 = Release|Any CPU
		{0A6CF223-9CE2-4AB1-8AFF-6F505B813614}.Debug|Any CPU.ActiveCfg = Debug|Any CPU
		{0A6CF223-9CE2-4AB1-8AFF-6F505B813614}.Debug|Any CPU.Build.0 = Debug|Any CPU
		{0A6CF223-9CE2-4AB1-8AFF-6F505B813614}.Release|Any CPU.ActiveCfg = Release|Any CPU
		{0A6CF223-9CE2-4AB1-8AFF-6F505B813614}.Release|Any CPU.Build.0 = Release|Any CPU
		{40FA7E0D-BDAF-4618-A042-113F5613CA4A}.Debug|Any CPU.ActiveCfg = Debug|Any CPU
		{40FA7E0D-BDAF-4618-A042-113F5613CA4A}.Debug|Any CPU.Build.0 = Debug|Any CPU
		{40FA7E0D-BDAF-4618-A042-113F5613CA4A}.Release|Any CPU.ActiveCfg = Release|Any CPU
		{40FA7E0D-BDAF-4618-A042-113F5613CA4A}.Release|Any CPU.Build.0 = Release|Any CPU
		{E69F43EF-E648-41D1-A095-0B699BB9A893}.Debug|Any CPU.ActiveCfg = Debug|Any CPU
		{E69F43EF-E648-41D1-A095-0B699BB9A893}.Debug|Any CPU.Build.0 = Debug|Any CPU
		{E69F43EF-E648-41D1-A095-0B699BB9A893}.Release|Any CPU.ActiveCfg = Release|Any CPU
		{E69F43EF-E648-41D1-A095-0B699BB9A893}.Release|Any CPU.Build.0 = Release|Any CPU
		{2D1A02F2-0AC3-4623-A41B-17D388309BAF}.Debug|Any CPU.ActiveCfg = Debug|Any CPU
		{2D1A02F2-0AC3-4623-A41B-17D388309BAF}.Debug|Any CPU.Build.0 = Debug|Any CPU
		{2D1A02F2-0AC3-4623-A41B-17D388309BAF}.Release|Any CPU.ActiveCfg = Release|Any CPU
		{2D1A02F2-0AC3-4623-A41B-17D388309BAF}.Release|Any CPU.Build.0 = Release|Any CPU
		{1A22844E-F9C9-4D69-9916-4EB86FE2240B}.Debug|Any CPU.ActiveCfg = Debug|Any CPU
		{1A22844E-F9C9-4D69-9916-4EB86FE2240B}.Debug|Any CPU.Build.0 = Debug|Any CPU
		{1A22844E-F9C9-4D69-9916-4EB86FE2240B}.Release|Any CPU.ActiveCfg = Release|Any CPU
		{1A22844E-F9C9-4D69-9916-4EB86FE2240B}.Release|Any CPU.Build.0 = Release|Any CPU
		{BBD06D2B-5CDE-44B4-883C-AC59D4D1BA57}.Debug|Any CPU.ActiveCfg = Debug|Any CPU
		{BBD06D2B-5CDE-44B4-883C-AC59D4D1BA57}.Debug|Any CPU.Build.0 = Debug|Any CPU
		{BBD06D2B-5CDE-44B4-883C-AC59D4D1BA57}.Release|Any CPU.ActiveCfg = Release|Any CPU
		{BBD06D2B-5CDE-44B4-883C-AC59D4D1BA57}.Release|Any CPU.Build.0 = Release|Any CPU
		{E88010D4-5C7D-4DBC-BAF4-73C3F32673B8}.Debug|Any CPU.ActiveCfg = Debug|Any CPU
		{E88010D4-5C7D-4DBC-BAF4-73C3F32673B8}.Debug|Any CPU.Build.0 = Debug|Any CPU
		{E88010D4-5C7D-4DBC-BAF4-73C3F32673B8}.Release|Any CPU.ActiveCfg = Release|Any CPU
		{E88010D4-5C7D-4DBC-BAF4-73C3F32673B8}.Release|Any CPU.Build.0 = Release|Any CPU
		{53481757-F093-4B28-8615-B8FF54FB3E32}.Debug|Any CPU.ActiveCfg = Debug|Any CPU
		{53481757-F093-4B28-8615-B8FF54FB3E32}.Debug|Any CPU.Build.0 = Debug|Any CPU
		{53481757-F093-4B28-8615-B8FF54FB3E32}.Release|Any CPU.ActiveCfg = Release|Any CPU
		{53481757-F093-4B28-8615-B8FF54FB3E32}.Release|Any CPU.Build.0 = Release|Any CPU
		{3AFA98FD-E062-4481-9265-C5F06010DA35}.Debug|Any CPU.ActiveCfg = Debug|Any CPU
		{3AFA98FD-E062-4481-9265-C5F06010DA35}.Debug|Any CPU.Build.0 = Debug|Any CPU
		{3AFA98FD-E062-4481-9265-C5F06010DA35}.Release|Any CPU.ActiveCfg = Release|Any CPU
		{3AFA98FD-E062-4481-9265-C5F06010DA35}.Release|Any CPU.Build.0 = Release|Any CPU
		{CC5902CC-5B96-4B22-A6FC-A3443C770F1B}.Debug|Any CPU.ActiveCfg = Debug|Any CPU
		{CC5902CC-5B96-4B22-A6FC-A3443C770F1B}.Debug|Any CPU.Build.0 = Debug|Any CPU
		{CC5902CC-5B96-4B22-A6FC-A3443C770F1B}.Release|Any CPU.ActiveCfg = Release|Any CPU
		{CC5902CC-5B96-4B22-A6FC-A3443C770F1B}.Release|Any CPU.Build.0 = Release|Any CPU
		{D4DE996F-9D7B-4E20-94F8-790DD486BF02}.Debug|Any CPU.ActiveCfg = Debug|Any CPU
		{D4DE996F-9D7B-4E20-94F8-790DD486BF02}.Debug|Any CPU.Build.0 = Debug|Any CPU
		{D4DE996F-9D7B-4E20-94F8-790DD486BF02}.Release|Any CPU.ActiveCfg = Release|Any CPU
		{D4DE996F-9D7B-4E20-94F8-790DD486BF02}.Release|Any CPU.Build.0 = Release|Any CPU
		{DC4D48D3-D1D6-426B-840F-88964F754E1E}.Debug|Any CPU.ActiveCfg = Debug|Any CPU
		{DC4D48D3-D1D6-426B-840F-88964F754E1E}.Debug|Any CPU.Build.0 = Debug|Any CPU
		{DC4D48D3-D1D6-426B-840F-88964F754E1E}.Release|Any CPU.ActiveCfg = Release|Any CPU
		{DC4D48D3-D1D6-426B-840F-88964F754E1E}.Release|Any CPU.Build.0 = Release|Any CPU
		{6BB0EF34-043F-43D0-80A3-96280FE6ECF0}.Debug|Any CPU.ActiveCfg = Debug|Any CPU
		{6BB0EF34-043F-43D0-80A3-96280FE6ECF0}.Debug|Any CPU.Build.0 = Debug|Any CPU
		{6BB0EF34-043F-43D0-80A3-96280FE6ECF0}.Release|Any CPU.ActiveCfg = Release|Any CPU
		{6BB0EF34-043F-43D0-80A3-96280FE6ECF0}.Release|Any CPU.Build.0 = Release|Any CPU
		{5623BF15-B077-4AE0-9560-F35344E1DDE1}.Debug|Any CPU.ActiveCfg = Debug|Any CPU
		{5623BF15-B077-4AE0-9560-F35344E1DDE1}.Debug|Any CPU.Build.0 = Debug|Any CPU
		{5623BF15-B077-4AE0-9560-F35344E1DDE1}.Release|Any CPU.ActiveCfg = Release|Any CPU
		{5623BF15-B077-4AE0-9560-F35344E1DDE1}.Release|Any CPU.Build.0 = Release|Any CPU
	EndGlobalSection
	GlobalSection(SolutionProperties) = preSolution
		HideSolutionNode = FALSE
	EndGlobalSection
EndGlobal
