
Microsoft Visual Studio Solution File, Format Version 10.00
# Visual Studio 2008
Project("{F184B08F-C81C-45F6-A57F-5ABD9991F28F}") = "Recipe08-02", "Recipe08-02\Recipe08-02.vbproj", "{5C86DB9A-B70E-459D-B3F9-CFD381BB9B83}"
EndProject
Project("{F184B08F-C81C-45F6-A57F-5ABD9991F28F}") = "Recipe08-01", "Recipe08-01\Recipe08-01.vbproj", "{662D28FD-0ECD-4368-9232-C387D2121BF6}"
EndProject
Project("{F184B08F-C81C-45F6-A57F-5ABD9991F28F}") = "Recipe08-03", "Recipe08-03\Recipe08-03.vbproj", "{DD3D0F91-0994-4963-9ACE-07346FC282D3}"
EndProject
Project("{F184B08F-C81C-45F6-A57F-5ABD9991F28F}") = "Recipe08-04", "Recipe08-04\Recipe08-04.vbproj", "{E8DB7038-42E5-43E4-B96E-84FF68D847F3}"
EndProject
Project("{F184B08F-C81C-45F6-A57F-5ABD9991F28F}") = "Recipe08-05", "Recipe08-05\Recipe08-05.vbproj", "{2A5A0614-634F-4B2E-B8A0-54AA07FB9421}"
EndProject
Project("{F184B08F-C81C-45F6-A57F-5ABD9991F28F}") = "Recipe08-06", "Recipe08-06\Recipe08-06.vbproj", "{491339C1-ABCE-4D42-97F1-052794C5D2FA}"
EndProject
Project("{F184B08F-C81C-45F6-A57F-5ABD9991F28F}") = "Recipe08-07", "Recipe08-07\Recipe08-07.vbproj", "{F472843D-3D17-4AAE-835E-BA9717442F1C}"
EndProject
Project("{F184B08F-C81C-45F6-A57F-5ABD9991F28F}") = "Recipe08-08", "Recipe08-08\Recipe08-08.vbproj", "{6AC5720C-404D-4CBB-9EA3-34042716A7AA}"
EndProject
Project("{F184B08F-C81C-45F6-A57F-5ABD9991F28F}") = "Recipe08-09", "Recipe08-09\Recipe08-09.vbproj", "{CCFBCD13-1998-4EA2-9DC4-EB507C53F735}"
EndProject
Project("{F184B08F-C81C-45F6-A57F-5ABD9991F28F}") = "Recipe08-10", "Recipe08-10\Recipe08-10.vbproj", "{00B172D9-1022-4CBE-96C6-3065E748ADA6}"
EndProject
Project("{F184B08F-C81C-45F6-A57F-5ABD9991F28F}") = "Recipe08-11", "Recipe08-11\Recipe08-11.vbproj", "{6EA5CE71-6EB3-4A54-8ABE-9F3361B6A566}"
EndProject
Project("{F184B08F-C81C-45F6-A57F-5ABD9991F28F}") = "Recipe08-13", "Recipe08-13\Recipe08-13.vbproj", "{73DF1F34-85F2-4F98-BEFD-AE64AEA5A235}"
EndProject
Global
	GlobalSection(SolutionConfigurationPlatforms) = preSolution
		Debug|Any CPU = Debug|Any CPU
		Release|Any CPU = Release|Any CPU
	EndGlobalSection
	GlobalSection(ProjectConfigurationPlatforms) = postSolution
		{5C86DB9A-B70E-459D-B3F9-CFD381BB9B83}.Debug|Any CPU.ActiveCfg = Debug|Any CPU
		{5C86DB9A-B70E-459D-B3F9-CFD381BB9B83}.Debug|Any CPU.Build.0 = Debug|Any CPU
		{5C86DB9A-B70E-459D-B3F9-CFD381BB9B83}.Release|Any CPU.ActiveCfg = Release|Any CPU
		{5C86DB9A-B70E-459D-B3F9-CFD381BB9B83}.Release|Any CPU.Build.0 = Release|Any CPU
		{662D28FD-0ECD-4368-9232-C387D2121BF6}.Debug|Any CPU.ActiveCfg = Debug|Any CPU
		{662D28FD-0ECD-4368-9232-C387D2121BF6}.Debug|Any CPU.Build.0 = Debug|Any CPU
		{662D28FD-0ECD-4368-9232-C387D2121BF6}.Release|Any CPU.ActiveCfg = Release|Any CPU
		{662D28FD-0ECD-4368-9232-C387D2121BF6}.Release|Any CPU.Build.0 = Release|Any CPU
		{DD3D0F91-0994-4963-9ACE-07346FC282D3}.Debug|Any CPU.ActiveCfg = Debug|Any CPU
		{DD3D0F91-0994-4963-9ACE-07346FC282D3}.Debug|Any CPU.Build.0 = Debug|Any CPU
		{DD3D0F91-0994-4963-9ACE-07346FC282D3}.Release|Any CPU.ActiveCfg = Release|Any CPU
		{DD3D0F91-0994-4963-9ACE-07346FC282D3}.Release|Any CPU.Build.0 = Release|Any CPU
		{E8DB7038-42E5-43E4-B96E-84FF68D847F3}.Debug|Any CPU.ActiveCfg = Debug|Any CPU
		{E8DB7038-42E5-43E4-B96E-84FF68D847F3}.Debug|Any CPU.Build.0 = Debug|Any CPU
		{E8DB7038-42E5-43E4-B96E-84FF68D847F3}.Release|Any CPU.ActiveCfg = Release|Any CPU
		{E8DB7038-42E5-43E4-B96E-84FF68D847F3}.Release|Any CPU.Build.0 = Release|Any CPU
		{2A5A0614-634F-4B2E-B8A0-54AA07FB9421}.Debug|Any CPU.ActiveCfg = Debug|Any CPU
		{2A5A0614-634F-4B2E-B8A0-54AA07FB9421}.Debug|Any CPU.Build.0 = Debug|Any CPU
		{2A5A0614-634F-4B2E-B8A0-54AA07FB9421}.Release|Any CPU.ActiveCfg = Release|Any CPU
		{2A5A0614-634F-4B2E-B8A0-54AA07FB9421}.Release|Any CPU.Build.0 = Release|Any CPU
		{491339C1-ABCE-4D42-97F1-052794C5D2FA}.Debug|Any CPU.ActiveCfg = Debug|Any CPU
		{491339C1-ABCE-4D42-97F1-052794C5D2FA}.Debug|Any CPU.Build.0 = Debug|Any CPU
		{491339C1-ABCE-4D42-97F1-052794C5D2FA}.Release|Any CPU.ActiveCfg = Release|Any CPU
		{491339C1-ABCE-4D42-97F1-052794C5D2FA}.Release|Any CPU.Build.0 = Release|Any CPU
		{F472843D-3D17-4AAE-835E-BA9717442F1C}.Debug|Any CPU.ActiveCfg = Debug|Any CPU
		{F472843D-3D17-4AAE-835E-BA9717442F1C}.Debug|Any CPU.Build.0 = Debug|Any CPU
		{F472843D-3D17-4AAE-835E-BA9717442F1C}.Release|Any CPU.ActiveCfg = Release|Any CPU
		{F472843D-3D17-4AAE-835E-BA9717442F1C}.Release|Any CPU.Build.0 = Release|Any CPU
		{6AC5720C-404D-4CBB-9EA3-34042716A7AA}.Debug|Any CPU.ActiveCfg = Debug|Any CPU
		{6AC5720C-404D-4CBB-9EA3-34042716A7AA}.Debug|Any CPU.Build.0 = Debug|Any CPU
		{6AC5720C-404D-4CBB-9EA3-34042716A7AA}.Release|Any CPU.ActiveCfg = Release|Any CPU
		{6AC5720C-404D-4CBB-9EA3-34042716A7AA}.Release|Any CPU.Build.0 = Release|Any CPU
		{CCFBCD13-1998-4EA2-9DC4-EB507C53F735}.Debug|Any CPU.ActiveCfg = Debug|Any CPU
		{CCFBCD13-1998-4EA2-9DC4-EB507C53F735}.Debug|Any CPU.Build.0 = Debug|Any CPU
		{CCFBCD13-1998-4EA2-9DC4-EB507C53F735}.Release|Any CPU.ActiveCfg = Release|Any CPU
		{CCFBCD13-1998-4EA2-9DC4-EB507C53F735}.Release|Any CPU.Build.0 = Release|Any CPU
		{00B172D9-1022-4CBE-96C6-3065E748ADA6}.Debug|Any CPU.ActiveCfg = Debug|Any CPU
		{00B172D9-1022-4CBE-96C6-3065E748ADA6}.Debug|Any CPU.Build.0 = Debug|Any CPU
		{00B172D9-1022-4CBE-96C6-3065E748ADA6}.Release|Any CPU.ActiveCfg = Release|Any CPU
		{00B172D9-1022-4CBE-96C6-3065E748ADA6}.Release|Any CPU.Build.0 = Release|Any CPU
		{6EA5CE71-6EB3-4A54-8ABE-9F3361B6A566}.Debug|Any CPU.ActiveCfg = Debug|Any CPU
		{6EA5CE71-6EB3-4A54-8ABE-9F3361B6A566}.Debug|Any CPU.Build.0 = Debug|Any CPU
		{6EA5CE71-6EB3-4A54-8ABE-9F3361B6A566}.Release|Any CPU.ActiveCfg = Release|Any CPU
		{6EA5CE71-6EB3-4A54-8ABE-9F3361B6A566}.Release|Any CPU.Build.0 = Release|Any CPU
		{73DF1F34-85F2-4F98-BEFD-AE64AEA5A235}.Debug|Any CPU.ActiveCfg = Debug|Any CPU
		{73DF1F34-85F2-4F98-BEFD-AE64AEA5A235}.Debug|Any CPU.Build.0 = Debug|Any CPU
		{73DF1F34-85F2-4F98-BEFD-AE64AEA5A235}.Release|Any CPU.ActiveCfg = Release|Any CPU
		{73DF1F34-85F2-4F98-BEFD-AE64AEA5A235}.Release|Any CPU.Build.0 = Release|Any CPU
	EndGlobalSection
	GlobalSection(SolutionProperties) = preSolution
		HideSolutionNode = FALSE
	EndGlobalSection
EndGlobal
