
Microsoft Visual Studio Solution File, Format Version 10.00
# Visual Studio 2008
Project("{F184B08F-C81C-45F6-A57F-5ABD9991F28F}") = "Recipe04-01", "Recipe04-01\Recipe04-01.vbproj", "{257B5D35-D8A7-4207-B608-9B1DF67DDE36}"
EndProject
Project("{F184B08F-C81C-45F6-A57F-5ABD9991F28F}") = "Recipe04-02", "Recipe04-02\Recipe04-02.vbproj", "{75EAF7EF-8661-44FD-90DA-5D86AABA99AF}"
EndProject
Project("{F184B08F-C81C-45F6-A57F-5ABD9991F28F}") = "Recipe04-18", "Recipe04-18\Recipe04-18.vbproj", "{8CBC6B78-E3CF-4166-84C4-829635629C07}"
EndProject
Project("{F184B08F-C81C-45F6-A57F-5ABD9991F28F}") = "Recipe04-16", "Recipe04-16\Recipe04-16.vbproj", "{9F8BD944-310D-49A2-BA57-52D2BD77E9C5}"
EndProject
Project("{F184B08F-C81C-45F6-A57F-5ABD9991F28F}") = "Recipe04-17", "Recipe04-17\Recipe04-17.vbproj", "{C92DAD27-5DB6-48AA-8185-A2976FB618E0}"
EndProject
Project("{F184B08F-C81C-45F6-A57F-5ABD9991F28F}") = "Recipe04-11", "Recipe04-11\Recipe04-11.vbproj", "{DFCB1FD2-7C2F-40C4-AF57-EE87D22B2B06}"
EndProject
Project("{F184B08F-C81C-45F6-A57F-5ABD9991F28F}") = "Recipe04-12", "Recipe04-12\Recipe04-12.vbproj", "{DBF697D1-ECD0-4F51-81B5-62DE9CF45CE2}"
EndProject
Project("{F184B08F-C81C-45F6-A57F-5ABD9991F28F}") = "Recipe04-13", "Recipe04-13\Recipe04-13.vbproj", "{444A3715-8985-418D-94C7-6B3D18079BEE}"
EndProject
Project("{F184B08F-C81C-45F6-A57F-5ABD9991F28F}") = "Recipe04-14", "Recipe04-14\Recipe04-14.vbproj", "{B23EF51D-9C10-4EA5-B005-95634E851629}"
EndProject
Project("{F184B08F-C81C-45F6-A57F-5ABD9991F28F}") = "Recipe04-08", "Recipe04-08\Recipe04-08.vbproj", "{C31092A4-96A7-43AB-8D20-5C0955F7C9B0}"
EndProject
Project("{F184B08F-C81C-45F6-A57F-5ABD9991F28F}") = "Recipe04-09", "Recipe04-09\Recipe04-09.vbproj", "{CD9382D6-8411-4F51-B3F8-0D2CCC4BF0AB}"
EndProject
Project("{F184B08F-C81C-45F6-A57F-5ABD9991F28F}") = "Recipe04-10", "Recipe04-10\Recipe04-10.vbproj", "{D210A60D-D2EF-422B-AAD1-6CF432846AC3}"
EndProject
Project("{F184B08F-C81C-45F6-A57F-5ABD9991F28F}") = "Recipe04-05", "Recipe04-05\Recipe04-05.vbproj", "{AF43F090-BCEC-421E-9C4B-23A956EFE4E4}"
EndProject
Project("{F184B08F-C81C-45F6-A57F-5ABD9991F28F}") = "Recipe04-06", "Recipe04-06\Recipe04-06.vbproj", "{9B492D1C-EFD2-4F3A-866F-40EC72AC4C21}"
EndProject
Project("{F184B08F-C81C-45F6-A57F-5ABD9991F28F}") = "Recipe04-07", "Recipe04-07\Recipe04-07.vbproj", "{3F7ADCDB-B354-40AF-A7D6-86932534596C}"
EndProject
Project("{F184B08F-C81C-45F6-A57F-5ABD9991F28F}") = "Recipe04-04", "Recipe04-04\Recipe04-04.vbproj", "{404FABD7-3E8B-4A66-80C9-55AA9058571F}"
EndProject
Project("{F184B08F-C81C-45F6-A57F-5ABD9991F28F}") = "Recipe04-03", "Recipe04-03\Recipe04-03.vbproj", "{DBA1B4C9-8337-463F-ADC0-351285B3D81E}"
EndProject
Global
	GlobalSection(SolutionConfigurationPlatforms) = preSolution
		Debug|Any CPU = Debug|Any CPU
		Release|Any CPU = Release|Any CPU
	EndGlobalSection
	GlobalSection(ProjectConfigurationPlatforms) = postSolution
		{257B5D35-D8A7-4207-B608-9B1DF67DDE36}.Debug|Any CPU.ActiveCfg = Debug|Any CPU
		{257B5D35-D8A7-4207-B608-9B1DF67DDE36}.Debug|Any CPU.Build.0 = Debug|Any CPU
		{257B5D35-D8A7-4207-B608-9B1DF67DDE36}.Release|Any CPU.ActiveCfg = Release|Any CPU
		{257B5D35-D8A7-4207-B608-9B1DF67DDE36}.Release|Any CPU.Build.0 = Release|Any CPU
		{75EAF7EF-8661-44FD-90DA-5D86AABA99AF}.Debug|Any CPU.ActiveCfg = Debug|Any CPU
		{75EAF7EF-8661-44FD-90DA-5D86AABA99AF}.Debug|Any CPU.Build.0 = Debug|Any CPU
		{75EAF7EF-8661-44FD-90DA-5D86AABA99AF}.Release|Any CPU.ActiveCfg = Release|Any CPU
		{75EAF7EF-8661-44FD-90DA-5D86AABA99AF}.Release|Any CPU.Build.0 = Release|Any CPU
		{8CBC6B78-E3CF-4166-84C4-829635629C07}.Debug|Any CPU.ActiveCfg = Debug|Any CPU
		{8CBC6B78-E3CF-4166-84C4-829635629C07}.Debug|Any CPU.Build.0 = Debug|Any CPU
		{8CBC6B78-E3CF-4166-84C4-829635629C07}.Release|Any CPU.ActiveCfg = Release|Any CPU
		{8CBC6B78-E3CF-4166-84C4-829635629C07}.Release|Any CPU.Build.0 = Release|Any CPU
		{9F8BD944-310D-49A2-BA57-52D2BD77E9C5}.Debug|Any CPU.ActiveCfg = Debug|Any CPU
		{9F8BD944-310D-49A2-BA57-52D2BD77E9C5}.Debug|Any CPU.Build.0 = Debug|Any CPU
		{9F8BD944-310D-49A2-BA57-52D2BD77E9C5}.Release|Any CPU.ActiveCfg = Release|Any CPU
		{9F8BD944-310D-49A2-BA57-52D2BD77E9C5}.Release|Any CPU.Build.0 = Release|Any CPU
		{C92DAD27-5DB6-48AA-8185-A2976FB618E0}.Debug|Any CPU.ActiveCfg = Debug|Any CPU
		{C92DAD27-5DB6-48AA-8185-A2976FB618E0}.Debug|Any CPU.Build.0 = Debug|Any CPU
		{C92DAD27-5DB6-48AA-8185-A2976FB618E0}.Release|Any CPU.ActiveCfg = Release|Any CPU
		{C92DAD27-5DB6-48AA-8185-A2976FB618E0}.Release|Any CPU.Build.0 = Release|Any CPU
		{DFCB1FD2-7C2F-40C4-AF57-EE87D22B2B06}.Debug|Any CPU.ActiveCfg = Debug|Any CPU
		{DFCB1FD2-7C2F-40C4-AF57-EE87D22B2B06}.Debug|Any CPU.Build.0 = Debug|Any CPU
		{DFCB1FD2-7C2F-40C4-AF57-EE87D22B2B06}.Release|Any CPU.ActiveCfg = Release|Any CPU
		{DFCB1FD2-7C2F-40C4-AF57-EE87D22B2B06}.Release|Any CPU.Build.0 = Release|Any CPU
		{DBF697D1-ECD0-4F51-81B5-62DE9CF45CE2}.Debug|Any CPU.ActiveCfg = Debug|Any CPU
		{DBF697D1-ECD0-4F51-81B5-62DE9CF45CE2}.Debug|Any CPU.Build.0 = Debug|Any CPU
		{DBF697D1-ECD0-4F51-81B5-62DE9CF45CE2}.Release|Any CPU.ActiveCfg = Release|Any CPU
		{DBF697D1-ECD0-4F51-81B5-62DE9CF45CE2}.Release|Any CPU.Build.0 = Release|Any CPU
		{444A3715-8985-418D-94C7-6B3D18079BEE}.Debug|Any CPU.ActiveCfg = Debug|Any CPU
		{444A3715-8985-418D-94C7-6B3D18079BEE}.Debug|Any CPU.Build.0 = Debug|Any CPU
		{444A3715-8985-418D-94C7-6B3D18079BEE}.Release|Any CPU.ActiveCfg = Release|Any CPU
		{444A3715-8985-418D-94C7-6B3D18079BEE}.Release|Any CPU.Build.0 = Release|Any CPU
		{B23EF51D-9C10-4EA5-B005-95634E851629}.Debug|Any CPU.ActiveCfg = Debug|Any CPU
		{B23EF51D-9C10-4EA5-B005-95634E851629}.Debug|Any CPU.Build.0 = Debug|Any CPU
		{B23EF51D-9C10-4EA5-B005-95634E851629}.Release|Any CPU.ActiveCfg = Release|Any CPU
		{B23EF51D-9C10-4EA5-B005-95634E851629}.Release|Any CPU.Build.0 = Release|Any CPU
		{C31092A4-96A7-43AB-8D20-5C0955F7C9B0}.Debug|Any CPU.ActiveCfg = Debug|Any CPU
		{C31092A4-96A7-43AB-8D20-5C0955F7C9B0}.Debug|Any CPU.Build.0 = Debug|Any CPU
		{C31092A4-96A7-43AB-8D20-5C0955F7C9B0}.Release|Any CPU.ActiveCfg = Release|Any CPU
		{C31092A4-96A7-43AB-8D20-5C0955F7C9B0}.Release|Any CPU.Build.0 = Release|Any CPU
		{CD9382D6-8411-4F51-B3F8-0D2CCC4BF0AB}.Debug|Any CPU.ActiveCfg = Debug|Any CPU
		{CD9382D6-8411-4F51-B3F8-0D2CCC4BF0AB}.Debug|Any CPU.Build.0 = Debug|Any CPU
		{CD9382D6-8411-4F51-B3F8-0D2CCC4BF0AB}.Release|Any CPU.ActiveCfg = Release|Any CPU
		{CD9382D6-8411-4F51-B3F8-0D2CCC4BF0AB}.Release|Any CPU.Build.0 = Release|Any CPU
		{D210A60D-D2EF-422B-AAD1-6CF432846AC3}.Debug|Any CPU.ActiveCfg = Debug|Any CPU
		{D210A60D-D2EF-422B-AAD1-6CF432846AC3}.Debug|Any CPU.Build.0 = Debug|Any CPU
		{D210A60D-D2EF-422B-AAD1-6CF432846AC3}.Release|Any CPU.ActiveCfg = Release|Any CPU
		{D210A60D-D2EF-422B-AAD1-6CF432846AC3}.Release|Any CPU.Build.0 = Release|Any CPU
		{AF43F090-BCEC-421E-9C4B-23A956EFE4E4}.Debug|Any CPU.ActiveCfg = Debug|Any CPU
		{AF43F090-BCEC-421E-9C4B-23A956EFE4E4}.Debug|Any CPU.Build.0 = Debug|Any CPU
		{AF43F090-BCEC-421E-9C4B-23A956EFE4E4}.Release|Any CPU.ActiveCfg = Release|Any CPU
		{AF43F090-BCEC-421E-9C4B-23A956EFE4E4}.Release|Any CPU.Build.0 = Release|Any CPU
		{9B492D1C-EFD2-4F3A-866F-40EC72AC4C21}.Debug|Any CPU.ActiveCfg = Debug|Any CPU
		{9B492D1C-EFD2-4F3A-866F-40EC72AC4C21}.Debug|Any CPU.Build.0 = Debug|Any CPU
		{9B492D1C-EFD2-4F3A-866F-40EC72AC4C21}.Release|Any CPU.ActiveCfg = Release|Any CPU
		{9B492D1C-EFD2-4F3A-866F-40EC72AC4C21}.Release|Any CPU.Build.0 = Release|Any CPU
		{3F7ADCDB-B354-40AF-A7D6-86932534596C}.Debug|Any CPU.ActiveCfg = Debug|Any CPU
		{3F7ADCDB-B354-40AF-A7D6-86932534596C}.Debug|Any CPU.Build.0 = Debug|Any CPU
		{3F7ADCDB-B354-40AF-A7D6-86932534596C}.Release|Any CPU.ActiveCfg = Release|Any CPU
		{3F7ADCDB-B354-40AF-A7D6-86932534596C}.Release|Any CPU.Build.0 = Release|Any CPU
		{404FABD7-3E8B-4A66-80C9-55AA9058571F}.Debug|Any CPU.ActiveCfg = Debug|Any CPU
		{404FABD7-3E8B-4A66-80C9-55AA9058571F}.Debug|Any CPU.Build.0 = Debug|Any CPU
		{404FABD7-3E8B-4A66-80C9-55AA9058571F}.Release|Any CPU.ActiveCfg = Release|Any CPU
		{404FABD7-3E8B-4A66-80C9-55AA9058571F}.Release|Any CPU.Build.0 = Release|Any CPU
		{DBA1B4C9-8337-463F-ADC0-351285B3D81E}.Debug|Any CPU.ActiveCfg = Debug|Any CPU
		{DBA1B4C9-8337-463F-ADC0-351285B3D81E}.Debug|Any CPU.Build.0 = Debug|Any CPU
		{DBA1B4C9-8337-463F-ADC0-351285B3D81E}.Release|Any CPU.ActiveCfg = Release|Any CPU
		{DBA1B4C9-8337-463F-ADC0-351285B3D81E}.Release|Any CPU.Build.0 = Release|Any CPU
	EndGlobalSection
	GlobalSection(SolutionProperties) = preSolution
		HideSolutionNode = FALSE
	EndGlobalSection
EndGlobal
