
Microsoft Visual Studio Solution File, Format Version 10.00
# Visual Studio 2008
Project("{F184B08F-C81C-45F6-A57F-5ABD9991F28F}") = "Recipe10-01", "Recipe10-01\Recipe10-01.vbproj", "{B8D2DB0D-EEEC-4E39-BC00-8972CA4663D0}"
EndProject
Project("{F184B08F-C81C-45F6-A57F-5ABD9991F28F}") = "Recipe10-02", "Recipe10-02\Recipe10-02.vbproj", "{24122D07-F50E-46B8-9445-EFBB09B791B6}"
EndProject
Project("{F184B08F-C81C-45F6-A57F-5ABD9991F28F}") = "Recipe10-03", "Recipe10-03\Recipe10-03.vbproj", "{FF7B2DE9-82C7-4775-BD06-870113C20E3E}"
EndProject
Project("{F184B08F-C81C-45F6-A57F-5ABD9991F28F}") = "Recipe10-04", "Recipe10-04\Recipe10-04.vbproj", "{19BA21F0-F269-4D4A-9425-B1C5C421D819}"
EndProject
Project("{F184B08F-C81C-45F6-A57F-5ABD9991F28F}") = "Recipe10-05", "Recipe10-05\Recipe10-05.vbproj", "{BF1A4344-88B1-4702-968F-373408B8EC08}"
EndProject
Project("{F184B08F-C81C-45F6-A57F-5ABD9991F28F}") = "Recipe10-06", "Recipe10-06\Recipe10-06.vbproj", "{1419CD04-7384-4EB8-A32D-36D88E5EB2CC}"
EndProject
Project("{F184B08F-C81C-45F6-A57F-5ABD9991F28F}") = "Recipe10-07", "Recipe10-07\Recipe10-07.vbproj", "{FF2F8859-FD19-4643-99D3-B69E58760936}"
EndProject
Project("{F184B08F-C81C-45F6-A57F-5ABD9991F28F}") = "Recipe10-08", "Recipe10-08\Recipe10-08.vbproj", "{CB2D2BE4-FAD4-4CFD-A0C2-FBFA563E1599}"
EndProject
Project("{F184B08F-C81C-45F6-A57F-5ABD9991F28F}") = "Recipe10-09", "Recipe10-09\Recipe10-09.vbproj", "{7974482A-D7C3-4B8F-AA66-F2D9D8F13868}"
EndProject
Project("{F184B08F-C81C-45F6-A57F-5ABD9991F28F}") = "Recipe10-10", "Recipe10-10\Recipe10-10.vbproj", "{834A235F-8C6D-412F-926C-5FC214421A25}"
EndProject
Project("{F184B08F-C81C-45F6-A57F-5ABD9991F28F}") = "Recipe10-11", "Recipe10-11\Recipe10-11.vbproj", "{0310257B-8299-4813-A8E5-F49462C8DBCB}"
EndProject
Project("{F184B08F-C81C-45F6-A57F-5ABD9991F28F}") = "Recipe10-12", "Recipe10-12\Recipe10-12.vbproj", "{D4561D99-1EC9-4E77-A01C-FA02ACD88D36}"
EndProject
Project("{F184B08F-C81C-45F6-A57F-5ABD9991F28F}") = "Recipe10-13", "Recipe10-13\Recipe10-13.vbproj", "{C5827DCF-1FEB-4705-A5FE-66872AE24A3C}"
EndProject
Project("{F184B08F-C81C-45F6-A57F-5ABD9991F28F}") = "Recipe10-14", "Recipe10-14\Recipe10-14.vbproj", "{69E7C8BE-FAF8-4A52-B9D9-820F8D131488}"
EndProject
Project("{F184B08F-C81C-45F6-A57F-5ABD9991F28F}") = "Recipe10-15", "Recipe10-15\Recipe10-15.vbproj", "{5F57054F-6EFB-484D-B933-0F3107CE8112}"
EndProject
Project("{F184B08F-C81C-45F6-A57F-5ABD9991F28F}") = "Recipe10-16", "Recipe10-16\Recipe10-16.vbproj", "{21292F6E-1605-424E-AE8B-F20F13D50DAC}"
EndProject
Project("{F184B08F-C81C-45F6-A57F-5ABD9991F28F}") = "Recipe10-17", "Recipe10-17\Recipe10-17.vbproj", "{7C9A90E0-B851-4E68-83A5-4077A2113B4F}"
EndProject
Project("{F184B08F-C81C-45F6-A57F-5ABD9991F28F}") = "Recipe10-18", "Recipe10-18\Recipe10-18.vbproj", "{9B27AB38-5C81-4FDD-A801-18A52F935B19}"
EndProject
Global
	GlobalSection(SolutionConfigurationPlatforms) = preSolution
		Debug|Any CPU = Debug|Any CPU
		Release|Any CPU = Release|Any CPU
	EndGlobalSection
	GlobalSection(ProjectConfigurationPlatforms) = postSolution
		{B8D2DB0D-EEEC-4E39-BC00-8972CA4663D0}.Debug|Any CPU.ActiveCfg = Debug|Any CPU
		{B8D2DB0D-EEEC-4E39-BC00-8972CA4663D0}.Debug|Any CPU.Build.0 = Debug|Any CPU
		{B8D2DB0D-EEEC-4E39-BC00-8972CA4663D0}.Release|Any CPU.ActiveCfg = Release|Any CPU
		{B8D2DB0D-EEEC-4E39-BC00-8972CA4663D0}.Release|Any CPU.Build.0 = Release|Any CPU
		{24122D07-F50E-46B8-9445-EFBB09B791B6}.Debug|Any CPU.ActiveCfg = Debug|Any CPU
		{24122D07-F50E-46B8-9445-EFBB09B791B6}.Debug|Any CPU.Build.0 = Debug|Any CPU
		{24122D07-F50E-46B8-9445-EFBB09B791B6}.Release|Any CPU.ActiveCfg = Release|Any CPU
		{24122D07-F50E-46B8-9445-EFBB09B791B6}.Release|Any CPU.Build.0 = Release|Any CPU
		{FF7B2DE9-82C7-4775-BD06-870113C20E3E}.Debug|Any CPU.ActiveCfg = Debug|Any CPU
		{FF7B2DE9-82C7-4775-BD06-870113C20E3E}.Debug|Any CPU.Build.0 = Debug|Any CPU
		{FF7B2DE9-82C7-4775-BD06-870113C20E3E}.Release|Any CPU.ActiveCfg = Release|Any CPU
		{FF7B2DE9-82C7-4775-BD06-870113C20E3E}.Release|Any CPU.Build.0 = Release|Any CPU
		{19BA21F0-F269-4D4A-9425-B1C5C421D819}.Debug|Any CPU.ActiveCfg = Debug|Any CPU
		{19BA21F0-F269-4D4A-9425-B1C5C421D819}.Debug|Any CPU.Build.0 = Debug|Any CPU
		{19BA21F0-F269-4D4A-9425-B1C5C421D819}.Release|Any CPU.ActiveCfg = Release|Any CPU
		{19BA21F0-F269-4D4A-9425-B1C5C421D819}.Release|Any CPU.Build.0 = Release|Any CPU
		{BF1A4344-88B1-4702-968F-373408B8EC08}.Debug|Any CPU.ActiveCfg = Debug|Any CPU
		{BF1A4344-88B1-4702-968F-373408B8EC08}.Debug|Any CPU.Build.0 = Debug|Any CPU
		{BF1A4344-88B1-4702-968F-373408B8EC08}.Release|Any CPU.ActiveCfg = Release|Any CPU
		{BF1A4344-88B1-4702-968F-373408B8EC08}.Release|Any CPU.Build.0 = Release|Any CPU
		{1419CD04-7384-4EB8-A32D-36D88E5EB2CC}.Debug|Any CPU.ActiveCfg = Debug|Any CPU
		{1419CD04-7384-4EB8-A32D-36D88E5EB2CC}.Debug|Any CPU.Build.0 = Debug|Any CPU
		{1419CD04-7384-4EB8-A32D-36D88E5EB2CC}.Release|Any CPU.ActiveCfg = Release|Any CPU
		{1419CD04-7384-4EB8-A32D-36D88E5EB2CC}.Release|Any CPU.Build.0 = Release|Any CPU
		{FF2F8859-FD19-4643-99D3-B69E58760936}.Debug|Any CPU.ActiveCfg = Debug|Any CPU
		{FF2F8859-FD19-4643-99D3-B69E58760936}.Debug|Any CPU.Build.0 = Debug|Any CPU
		{FF2F8859-FD19-4643-99D3-B69E58760936}.Release|Any CPU.ActiveCfg = Release|Any CPU
		{FF2F8859-FD19-4643-99D3-B69E58760936}.Release|Any CPU.Build.0 = Release|Any CPU
		{CB2D2BE4-FAD4-4CFD-A0C2-FBFA563E1599}.Debug|Any CPU.ActiveCfg = Debug|Any CPU
		{CB2D2BE4-FAD4-4CFD-A0C2-FBFA563E1599}.Debug|Any CPU.Build.0 = Debug|Any CPU
		{CB2D2BE4-FAD4-4CFD-A0C2-FBFA563E1599}.Release|Any CPU.ActiveCfg = Release|Any CPU
		{CB2D2BE4-FAD4-4CFD-A0C2-FBFA563E1599}.Release|Any CPU.Build.0 = Release|Any CPU
		{7974482A-D7C3-4B8F-AA66-F2D9D8F13868}.Debug|Any CPU.ActiveCfg = Debug|Any CPU
		{7974482A-D7C3-4B8F-AA66-F2D9D8F13868}.Debug|Any CPU.Build.0 = Debug|Any CPU
		{7974482A-D7C3-4B8F-AA66-F2D9D8F13868}.Release|Any CPU.ActiveCfg = Release|Any CPU
		{7974482A-D7C3-4B8F-AA66-F2D9D8F13868}.Release|Any CPU.Build.0 = Release|Any CPU
		{834A235F-8C6D-412F-926C-5FC214421A25}.Debug|Any CPU.ActiveCfg = Debug|Any CPU
		{834A235F-8C6D-412F-926C-5FC214421A25}.Debug|Any CPU.Build.0 = Debug|Any CPU
		{834A235F-8C6D-412F-926C-5FC214421A25}.Release|Any CPU.ActiveCfg = Release|Any CPU
		{834A235F-8C6D-412F-926C-5FC214421A25}.Release|Any CPU.Build.0 = Release|Any CPU
		{0310257B-8299-4813-A8E5-F49462C8DBCB}.Debug|Any CPU.ActiveCfg = Debug|Any CPU
		{0310257B-8299-4813-A8E5-F49462C8DBCB}.Debug|Any CPU.Build.0 = Debug|Any CPU
		{0310257B-8299-4813-A8E5-F49462C8DBCB}.Release|Any CPU.ActiveCfg = Release|Any CPU
		{0310257B-8299-4813-A8E5-F49462C8DBCB}.Release|Any CPU.Build.0 = Release|Any CPU
		{D4561D99-1EC9-4E77-A01C-FA02ACD88D36}.Debug|Any CPU.ActiveCfg = Debug|Any CPU
		{D4561D99-1EC9-4E77-A01C-FA02ACD88D36}.Debug|Any CPU.Build.0 = Debug|Any CPU
		{D4561D99-1EC9-4E77-A01C-FA02ACD88D36}.Release|Any CPU.ActiveCfg = Release|Any CPU
		{D4561D99-1EC9-4E77-A01C-FA02ACD88D36}.Release|Any CPU.Build.0 = Release|Any CPU
		{C5827DCF-1FEB-4705-A5FE-66872AE24A3C}.Debug|Any CPU.ActiveCfg = Debug|Any CPU
		{C5827DCF-1FEB-4705-A5FE-66872AE24A3C}.Debug|Any CPU.Build.0 = Debug|Any CPU
		{C5827DCF-1FEB-4705-A5FE-66872AE24A3C}.Release|Any CPU.ActiveCfg = Release|Any CPU
		{C5827DCF-1FEB-4705-A5FE-66872AE24A3C}.Release|Any CPU.Build.0 = Release|Any CPU
		{69E7C8BE-FAF8-4A52-B9D9-820F8D131488}.Debug|Any CPU.ActiveCfg = Debug|Any CPU
		{69E7C8BE-FAF8-4A52-B9D9-820F8D131488}.Debug|Any CPU.Build.0 = Debug|Any CPU
		{69E7C8BE-FAF8-4A52-B9D9-820F8D131488}.Release|Any CPU.ActiveCfg = Release|Any CPU
		{69E7C8BE-FAF8-4A52-B9D9-820F8D131488}.Release|Any CPU.Build.0 = Release|Any CPU
		{5F57054F-6EFB-484D-B933-0F3107CE8112}.Debug|Any CPU.ActiveCfg = Debug|Any CPU
		{5F57054F-6EFB-484D-B933-0F3107CE8112}.Debug|Any CPU.Build.0 = Debug|Any CPU
		{5F57054F-6EFB-484D-B933-0F3107CE8112}.Release|Any CPU.ActiveCfg = Release|Any CPU
		{5F57054F-6EFB-484D-B933-0F3107CE8112}.Release|Any CPU.Build.0 = Release|Any CPU
		{21292F6E-1605-424E-AE8B-F20F13D50DAC}.Debug|Any CPU.ActiveCfg = Debug|Any CPU
		{21292F6E-1605-424E-AE8B-F20F13D50DAC}.Debug|Any CPU.Build.0 = Debug|Any CPU
		{21292F6E-1605-424E-AE8B-F20F13D50DAC}.Release|Any CPU.ActiveCfg = Release|Any CPU
		{21292F6E-1605-424E-AE8B-F20F13D50DAC}.Release|Any CPU.Build.0 = Release|Any CPU
		{7C9A90E0-B851-4E68-83A5-4077A2113B4F}.Debug|Any CPU.ActiveCfg = Debug|Any CPU
		{7C9A90E0-B851-4E68-83A5-4077A2113B4F}.Debug|Any CPU.Build.0 = Debug|Any CPU
		{7C9A90E0-B851-4E68-83A5-4077A2113B4F}.Release|Any CPU.ActiveCfg = Release|Any CPU
		{7C9A90E0-B851-4E68-83A5-4077A2113B4F}.Release|Any CPU.Build.0 = Release|Any CPU
		{9B27AB38-5C81-4FDD-A801-18A52F935B19}.Debug|Any CPU.ActiveCfg = Debug|Any CPU
		{9B27AB38-5C81-4FDD-A801-18A52F935B19}.Debug|Any CPU.Build.0 = Debug|Any CPU
		{9B27AB38-5C81-4FDD-A801-18A52F935B19}.Release|Any CPU.ActiveCfg = Release|Any CPU
		{9B27AB38-5C81-4FDD-A801-18A52F935B19}.Release|Any CPU.Build.0 = Release|Any CPU
	EndGlobalSection
	GlobalSection(SolutionProperties) = preSolution
		HideSolutionNode = FALSE
	EndGlobalSection
EndGlobal
