
Microsoft Visual Studio Solution File, Format Version 10.00
# Visual Studio 2008
Project("{F184B08F-C81C-45F6-A57F-5ABD9991F28F}") = "Recipe12-03", "Recipe12-03\Recipe12-03.vbproj", "{2400F6F0-6C0E-4DFD-914F-3864A9024F8B}"
EndProject
Project("{F184B08F-C81C-45F6-A57F-5ABD9991F28F}") = "Recipe12-02", "Recipe12-02\Recipe12-02.vbproj", "{4309433A-A35E-4480-8509-EA7433128462}"
EndProject
Project("{F184B08F-C81C-45F6-A57F-5ABD9991F28F}") = "Recipe12-04", "Recipe12-04\Recipe12-04.vbproj", "{13CDB264-94AE-4D29-B78D-91CA9D26A6C6}"
EndProject
Project("{F184B08F-C81C-45F6-A57F-5ABD9991F28F}") = "Recipe12-05", "Recipe12-05\Recipe12-05.vbproj", "{9B6078D3-FFB6-4F6D-9C14-7EAE6BF3FDEC}"
EndProject
Project("{F184B08F-C81C-45F6-A57F-5ABD9991F28F}") = "Recipe12-06", "Recipe12-06\Recipe12-06.vbproj", "{7AA09069-5F11-480B-B95E-70C6959D60B4}"
EndProject
Project("{F184B08F-C81C-45F6-A57F-5ABD9991F28F}") = "Recipe12-07", "Recipe12-07\Recipe12-07.vbproj", "{68119719-4340-44C2-93F2-E8C5FCDD3324}"
EndProject
Project("{F184B08F-C81C-45F6-A57F-5ABD9991F28F}") = "Recipe12-08", "Recipe12-08\Recipe12-08.vbproj", "{5598A399-6135-4058-9D25-9B1B79514BE2}"
EndProject
Project("{F184B08F-C81C-45F6-A57F-5ABD9991F28F}") = "Recipe12-09", "Recipe12-09\Recipe12-09.vbproj", "{3AEF6322-70C7-499E-9D16-714CCAE57265}"
EndProject
Project("{F184B08F-C81C-45F6-A57F-5ABD9991F28F}") = "Recipe12-10", "Recipe12-10\Recipe12-10.vbproj", "{FF1D8A81-941F-48B6-9B5F-5FFC62FFF5E1}"
EndProject
Project("{F184B08F-C81C-45F6-A57F-5ABD9991F28F}") = "Recipe12-11", "Recipe12-11\Recipe12-11.vbproj", "{CF9138E3-D6B3-4FA8-A656-7970E8E97BFA}"
EndProject
Project("{F184B08F-C81C-45F6-A57F-5ABD9991F28F}") = "Recipe12-12", "Recipe12-12\Recipe12-12.vbproj", "{CAFC3DA5-C0A1-4733-BEF0-F5139029EC0F}"
EndProject
Project("{F184B08F-C81C-45F6-A57F-5ABD9991F28F}") = "Recipe12-13", "Recipe12-13\Recipe12-13.vbproj", "{B979617B-3404-468A-BC35-54C8E3E966F6}"
EndProject
Project("{F184B08F-C81C-45F6-A57F-5ABD9991F28F}") = "Recipe12-14", "Recipe12-14\Recipe12-14.vbproj", "{C3E47789-0DDE-4D86-B87E-5E74DE67DB80}"
EndProject
Project("{F184B08F-C81C-45F6-A57F-5ABD9991F28F}") = "Recipe12-15", "Recipe12-15\Recipe12-15.vbproj", "{36A23120-60D2-49C3-955B-A5E0AAD04666}"
EndProject
Project("{F184B08F-C81C-45F6-A57F-5ABD9991F28F}") = "Recipe12-16", "Recipe12-16\Recipe12-16.vbproj", "{21526EB9-43BA-4A40-91CF-3D804307C791}"
EndProject
Project("{F184B08F-C81C-45F6-A57F-5ABD9991F28F}") = "Recipe12-17", "Recipe12-17\Recipe12-17.vbproj", "{11676BF0-39AA-442F-9CA9-72617711DD7F}"
EndProject
Project("{F184B08F-C81C-45F6-A57F-5ABD9991F28F}") = "Recipe12-18", "Recipe12-18\Recipe12-18.vbproj", "{583056FF-F141-459C-B0C8-A19627B3FB61}"
EndProject
Global
	GlobalSection(SolutionConfigurationPlatforms) = preSolution
		Debug|Any CPU = Debug|Any CPU
		Release|Any CPU = Release|Any CPU
	EndGlobalSection
	GlobalSection(ProjectConfigurationPlatforms) = postSolution
		{2400F6F0-6C0E-4DFD-914F-3864A9024F8B}.Debug|Any CPU.ActiveCfg = Debug|Any CPU
		{2400F6F0-6C0E-4DFD-914F-3864A9024F8B}.Debug|Any CPU.Build.0 = Debug|Any CPU
		{2400F6F0-6C0E-4DFD-914F-3864A9024F8B}.Release|Any CPU.ActiveCfg = Release|Any CPU
		{2400F6F0-6C0E-4DFD-914F-3864A9024F8B}.Release|Any CPU.Build.0 = Release|Any CPU
		{4309433A-A35E-4480-8509-EA7433128462}.Debug|Any CPU.ActiveCfg = Debug|Any CPU
		{4309433A-A35E-4480-8509-EA7433128462}.Debug|Any CPU.Build.0 = Debug|Any CPU
		{4309433A-A35E-4480-8509-EA7433128462}.Release|Any CPU.ActiveCfg = Release|Any CPU
		{4309433A-A35E-4480-8509-EA7433128462}.Release|Any CPU.Build.0 = Release|Any CPU
		{13CDB264-94AE-4D29-B78D-91CA9D26A6C6}.Debug|Any CPU.ActiveCfg = Debug|Any CPU
		{13CDB264-94AE-4D29-B78D-91CA9D26A6C6}.Debug|Any CPU.Build.0 = Debug|Any CPU
		{13CDB264-94AE-4D29-B78D-91CA9D26A6C6}.Release|Any CPU.ActiveCfg = Release|Any CPU
		{13CDB264-94AE-4D29-B78D-91CA9D26A6C6}.Release|Any CPU.Build.0 = Release|Any CPU
		{9B6078D3-FFB6-4F6D-9C14-7EAE6BF3FDEC}.Debug|Any CPU.ActiveCfg = Debug|Any CPU
		{9B6078D3-FFB6-4F6D-9C14-7EAE6BF3FDEC}.Debug|Any CPU.Build.0 = Debug|Any CPU
		{9B6078D3-FFB6-4F6D-9C14-7EAE6BF3FDEC}.Release|Any CPU.ActiveCfg = Release|Any CPU
		{9B6078D3-FFB6-4F6D-9C14-7EAE6BF3FDEC}.Release|Any CPU.Build.0 = Release|Any CPU
		{7AA09069-5F11-480B-B95E-70C6959D60B4}.Debug|Any CPU.ActiveCfg = Debug|Any CPU
		{7AA09069-5F11-480B-B95E-70C6959D60B4}.Debug|Any CPU.Build.0 = Debug|Any CPU
		{7AA09069-5F11-480B-B95E-70C6959D60B4}.Release|Any CPU.ActiveCfg = Release|Any CPU
		{7AA09069-5F11-480B-B95E-70C6959D60B4}.Release|Any CPU.Build.0 = Release|Any CPU
		{68119719-4340-44C2-93F2-E8C5FCDD3324}.Debug|Any CPU.ActiveCfg = Debug|Any CPU
		{68119719-4340-44C2-93F2-E8C5FCDD3324}.Debug|Any CPU.Build.0 = Debug|Any CPU
		{68119719-4340-44C2-93F2-E8C5FCDD3324}.Release|Any CPU.ActiveCfg = Release|Any CPU
		{68119719-4340-44C2-93F2-E8C5FCDD3324}.Release|Any CPU.Build.0 = Release|Any CPU
		{5598A399-6135-4058-9D25-9B1B79514BE2}.Debug|Any CPU.ActiveCfg = Debug|Any CPU
		{5598A399-6135-4058-9D25-9B1B79514BE2}.Debug|Any CPU.Build.0 = Debug|Any CPU
		{5598A399-6135-4058-9D25-9B1B79514BE2}.Release|Any CPU.ActiveCfg = Release|Any CPU
		{5598A399-6135-4058-9D25-9B1B79514BE2}.Release|Any CPU.Build.0 = Release|Any CPU
		{3AEF6322-70C7-499E-9D16-714CCAE57265}.Debug|Any CPU.ActiveCfg = Debug|Any CPU
		{3AEF6322-70C7-499E-9D16-714CCAE57265}.Debug|Any CPU.Build.0 = Debug|Any CPU
		{3AEF6322-70C7-499E-9D16-714CCAE57265}.Release|Any CPU.ActiveCfg = Release|Any CPU
		{3AEF6322-70C7-499E-9D16-714CCAE57265}.Release|Any CPU.Build.0 = Release|Any CPU
		{FF1D8A81-941F-48B6-9B5F-5FFC62FFF5E1}.Debug|Any CPU.ActiveCfg = Debug|Any CPU
		{FF1D8A81-941F-48B6-9B5F-5FFC62FFF5E1}.Debug|Any CPU.Build.0 = Debug|Any CPU
		{FF1D8A81-941F-48B6-9B5F-5FFC62FFF5E1}.Release|Any CPU.ActiveCfg = Release|Any CPU
		{FF1D8A81-941F-48B6-9B5F-5FFC62FFF5E1}.Release|Any CPU.Build.0 = Release|Any CPU
		{CF9138E3-D6B3-4FA8-A656-7970E8E97BFA}.Debug|Any CPU.ActiveCfg = Debug|Any CPU
		{CF9138E3-D6B3-4FA8-A656-7970E8E97BFA}.Debug|Any CPU.Build.0 = Debug|Any CPU
		{CF9138E3-D6B3-4FA8-A656-7970E8E97BFA}.Release|Any CPU.ActiveCfg = Release|Any CPU
		{CF9138E3-D6B3-4FA8-A656-7970E8E97BFA}.Release|Any CPU.Build.0 = Release|Any CPU
		{CAFC3DA5-C0A1-4733-BEF0-F5139029EC0F}.Debug|Any CPU.ActiveCfg = Debug|Any CPU
		{CAFC3DA5-C0A1-4733-BEF0-F5139029EC0F}.Debug|Any CPU.Build.0 = Debug|Any CPU
		{CAFC3DA5-C0A1-4733-BEF0-F5139029EC0F}.Release|Any CPU.ActiveCfg = Release|Any CPU
		{CAFC3DA5-C0A1-4733-BEF0-F5139029EC0F}.Release|Any CPU.Build.0 = Release|Any CPU
		{B979617B-3404-468A-BC35-54C8E3E966F6}.Debug|Any CPU.ActiveCfg = Debug|Any CPU
		{B979617B-3404-468A-BC35-54C8E3E966F6}.Debug|Any CPU.Build.0 = Debug|Any CPU
		{B979617B-3404-468A-BC35-54C8E3E966F6}.Release|Any CPU.ActiveCfg = Release|Any CPU
		{B979617B-3404-468A-BC35-54C8E3E966F6}.Release|Any CPU.Build.0 = Release|Any CPU
		{C3E47789-0DDE-4D86-B87E-5E74DE67DB80}.Debug|Any CPU.ActiveCfg = Debug|Any CPU
		{C3E47789-0DDE-4D86-B87E-5E74DE67DB80}.Debug|Any CPU.Build.0 = Debug|Any CPU
		{C3E47789-0DDE-4D86-B87E-5E74DE67DB80}.Release|Any CPU.ActiveCfg = Release|Any CPU
		{C3E47789-0DDE-4D86-B87E-5E74DE67DB80}.Release|Any CPU.Build.0 = Release|Any CPU
		{36A23120-60D2-49C3-955B-A5E0AAD04666}.Debug|Any CPU.ActiveCfg = Debug|Any CPU
		{36A23120-60D2-49C3-955B-A5E0AAD04666}.Debug|Any CPU.Build.0 = Debug|Any CPU
		{36A23120-60D2-49C3-955B-A5E0AAD04666}.Release|Any CPU.ActiveCfg = Release|Any CPU
		{36A23120-60D2-49C3-955B-A5E0AAD04666}.Release|Any CPU.Build.0 = Release|Any CPU
		{21526EB9-43BA-4A40-91CF-3D804307C791}.Debug|Any CPU.ActiveCfg = Debug|Any CPU
		{21526EB9-43BA-4A40-91CF-3D804307C791}.Debug|Any CPU.Build.0 = Debug|Any CPU
		{21526EB9-43BA-4A40-91CF-3D804307C791}.Release|Any CPU.ActiveCfg = Release|Any CPU
		{21526EB9-43BA-4A40-91CF-3D804307C791}.Release|Any CPU.Build.0 = Release|Any CPU
		{11676BF0-39AA-442F-9CA9-72617711DD7F}.Debug|Any CPU.ActiveCfg = Debug|Any CPU
		{11676BF0-39AA-442F-9CA9-72617711DD7F}.Debug|Any CPU.Build.0 = Debug|Any CPU
		{11676BF0-39AA-442F-9CA9-72617711DD7F}.Release|Any CPU.ActiveCfg = Release|Any CPU
		{11676BF0-39AA-442F-9CA9-72617711DD7F}.Release|Any CPU.Build.0 = Release|Any CPU
		{583056FF-F141-459C-B0C8-A19627B3FB61}.Debug|Any CPU.ActiveCfg = Debug|Any CPU
		{583056FF-F141-459C-B0C8-A19627B3FB61}.Debug|Any CPU.Build.0 = Debug|Any CPU
		{583056FF-F141-459C-B0C8-A19627B3FB61}.Release|Any CPU.ActiveCfg = Release|Any CPU
		{583056FF-F141-459C-B0C8-A19627B3FB61}.Release|Any CPU.Build.0 = Release|Any CPU
	EndGlobalSection
	GlobalSection(SolutionProperties) = preSolution
		HideSolutionNode = FALSE
	EndGlobalSection
EndGlobal
