
Microsoft Visual Studio Solution File, Format Version 10.00
# Visual Studio 2008
Project("{F184B08F-C81C-45F6-A57F-5ABD9991F28F}") = "Recipe03-01", "Recipe03-01\Recipe03-01.vbproj", "{DD036B83-B57C-400A-90A3-8B9D8B4BAE28}"
EndProject
Project("{F184B08F-C81C-45F6-A57F-5ABD9991F28F}") = "Recipe03-02", "Recipe03-02\Recipe03-02.vbproj", "{06A936B3-BF87-4A48-8FAD-C9B3F7036A02}"
EndProject
Project("{F184B08F-C81C-45F6-A57F-5ABD9991F28F}") = "Recipe03-03", "Recipe03-03\Recipe03-03.vbproj", "{898B6E20-3492-4E7B-A999-B4F54B0C7091}"
EndProject
Project("{F184B08F-C81C-45F6-A57F-5ABD9991F28F}") = "Recipe03-04", "Recipe03-04\Recipe03-04.vbproj", "{02B7843B-4E00-4250-9C3D-29DDAA650BDC}"
EndProject
Project("{F184B08F-C81C-45F6-A57F-5ABD9991F28F}") = "Recipe03-06", "Recipe03-06\Recipe03-06.vbproj", "{D23ABD38-B1AB-419F-81B7-7C9CD5F74130}"
EndProject
Project("{F184B08F-C81C-45F6-A57F-5ABD9991F28F}") = "Recipe03-07", "Recipe03-07\Recipe03-07.vbproj", "{3209E7BF-06E4-443F-A08C-9232A29815C1}"
EndProject
Project("{F184B08F-C81C-45F6-A57F-5ABD9991F28F}") = "Recipe03-08", "Recipe03-08\Recipe03-08.vbproj", "{52CA3B34-6A42-460B-8B00-359D63B3E348}"
EndProject
Project("{F184B08F-C81C-45F6-A57F-5ABD9991F28F}") = "Recipe03-10", "Recipe03-10\Recipe03-10.vbproj", "{1A490910-E70A-48C4-8D87-30431C81ECBF}"
EndProject
Project("{F184B08F-C81C-45F6-A57F-5ABD9991F28F}") = "Recipe03-11", "Recipe03-11\Recipe03-11.vbproj", "{447F45C6-C288-439B-B416-61CE73E9216C}"
EndProject
Project("{F184B08F-C81C-45F6-A57F-5ABD9991F28F}") = "Recipe03-12", "Recipe03-12\Recipe03-12.vbproj", "{0C3E3796-E6D2-4575-96B7-4952B267A0FE}"
EndProject
Project("{F184B08F-C81C-45F6-A57F-5ABD9991F28F}") = "Recipe03-13", "Recipe03-13\Recipe03-13.vbproj", "{A51AA388-4792-4B75-BEF9-569582832E65}"
EndProject
Project("{F184B08F-C81C-45F6-A57F-5ABD9991F28F}") = "Recipe03-14", "Recipe03-14\Recipe03-14.vbproj", "{2218DE27-ACCE-44D1-BC74-8AAB799CCB42}"
EndProject
Global
	GlobalSection(SolutionConfigurationPlatforms) = preSolution
		Debug|Any CPU = Debug|Any CPU
		Release|Any CPU = Release|Any CPU
	EndGlobalSection
	GlobalSection(ProjectConfigurationPlatforms) = postSolution
		{DD036B83-B57C-400A-90A3-8B9D8B4BAE28}.Debug|Any CPU.ActiveCfg = Debug|Any CPU
		{DD036B83-B57C-400A-90A3-8B9D8B4BAE28}.Debug|Any CPU.Build.0 = Debug|Any CPU
		{DD036B83-B57C-400A-90A3-8B9D8B4BAE28}.Release|Any CPU.ActiveCfg = Release|Any CPU
		{DD036B83-B57C-400A-90A3-8B9D8B4BAE28}.Release|Any CPU.Build.0 = Release|Any CPU
		{06A936B3-BF87-4A48-8FAD-C9B3F7036A02}.Debug|Any CPU.ActiveCfg = Debug|Any CPU
		{06A936B3-BF87-4A48-8FAD-C9B3F7036A02}.Debug|Any CPU.Build.0 = Debug|Any CPU
		{06A936B3-BF87-4A48-8FAD-C9B3F7036A02}.Release|Any CPU.ActiveCfg = Release|Any CPU
		{06A936B3-BF87-4A48-8FAD-C9B3F7036A02}.Release|Any CPU.Build.0 = Release|Any CPU
		{898B6E20-3492-4E7B-A999-B4F54B0C7091}.Debug|Any CPU.ActiveCfg = Debug|Any CPU
		{898B6E20-3492-4E7B-A999-B4F54B0C7091}.Debug|Any CPU.Build.0 = Debug|Any CPU
		{898B6E20-3492-4E7B-A999-B4F54B0C7091}.Release|Any CPU.ActiveCfg = Release|Any CPU
		{898B6E20-3492-4E7B-A999-B4F54B0C7091}.Release|Any CPU.Build.0 = Release|Any CPU
		{02B7843B-4E00-4250-9C3D-29DDAA650BDC}.Debug|Any CPU.ActiveCfg = Debug|Any CPU
		{02B7843B-4E00-4250-9C3D-29DDAA650BDC}.Debug|Any CPU.Build.0 = Debug|Any CPU
		{02B7843B-4E00-4250-9C3D-29DDAA650BDC}.Release|Any CPU.ActiveCfg = Release|Any CPU
		{02B7843B-4E00-4250-9C3D-29DDAA650BDC}.Release|Any CPU.Build.0 = Release|Any CPU
		{D23ABD38-B1AB-419F-81B7-7C9CD5F74130}.Debug|Any CPU.ActiveCfg = Debug|Any CPU
		{D23ABD38-B1AB-419F-81B7-7C9CD5F74130}.Debug|Any CPU.Build.0 = Debug|Any CPU
		{D23ABD38-B1AB-419F-81B7-7C9CD5F74130}.Release|Any CPU.ActiveCfg = Release|Any CPU
		{D23ABD38-B1AB-419F-81B7-7C9CD5F74130}.Release|Any CPU.Build.0 = Release|Any CPU
		{3209E7BF-06E4-443F-A08C-9232A29815C1}.Debug|Any CPU.ActiveCfg = Debug|Any CPU
		{3209E7BF-06E4-443F-A08C-9232A29815C1}.Debug|Any CPU.Build.0 = Debug|Any CPU
		{3209E7BF-06E4-443F-A08C-9232A29815C1}.Release|Any CPU.ActiveCfg = Release|Any CPU
		{3209E7BF-06E4-443F-A08C-9232A29815C1}.Release|Any CPU.Build.0 = Release|Any CPU
		{52CA3B34-6A42-460B-8B00-359D63B3E348}.Debug|Any CPU.ActiveCfg = Debug|Any CPU
		{52CA3B34-6A42-460B-8B00-359D63B3E348}.Debug|Any CPU.Build.0 = Debug|Any CPU
		{52CA3B34-6A42-460B-8B00-359D63B3E348}.Release|Any CPU.ActiveCfg = Release|Any CPU
		{52CA3B34-6A42-460B-8B00-359D63B3E348}.Release|Any CPU.Build.0 = Release|Any CPU
		{1A490910-E70A-48C4-8D87-30431C81ECBF}.Debug|Any CPU.ActiveCfg = Debug|Any CPU
		{1A490910-E70A-48C4-8D87-30431C81ECBF}.Debug|Any CPU.Build.0 = Debug|Any CPU
		{1A490910-E70A-48C4-8D87-30431C81ECBF}.Release|Any CPU.ActiveCfg = Release|Any CPU
		{1A490910-E70A-48C4-8D87-30431C81ECBF}.Release|Any CPU.Build.0 = Release|Any CPU
		{447F45C6-C288-439B-B416-61CE73E9216C}.Debug|Any CPU.ActiveCfg = Debug|Any CPU
		{447F45C6-C288-439B-B416-61CE73E9216C}.Debug|Any CPU.Build.0 = Debug|Any CPU
		{447F45C6-C288-439B-B416-61CE73E9216C}.Release|Any CPU.ActiveCfg = Release|Any CPU
		{447F45C6-C288-439B-B416-61CE73E9216C}.Release|Any CPU.Build.0 = Release|Any CPU
		{0C3E3796-E6D2-4575-96B7-4952B267A0FE}.Debug|Any CPU.ActiveCfg = Debug|Any CPU
		{0C3E3796-E6D2-4575-96B7-4952B267A0FE}.Debug|Any CPU.Build.0 = Debug|Any CPU
		{0C3E3796-E6D2-4575-96B7-4952B267A0FE}.Release|Any CPU.ActiveCfg = Release|Any CPU
		{0C3E3796-E6D2-4575-96B7-4952B267A0FE}.Release|Any CPU.Build.0 = Release|Any CPU
		{A51AA388-4792-4B75-BEF9-569582832E65}.Debug|Any CPU.ActiveCfg = Debug|Any CPU
		{A51AA388-4792-4B75-BEF9-569582832E65}.Debug|Any CPU.Build.0 = Debug|Any CPU
		{A51AA388-4792-4B75-BEF9-569582832E65}.Release|Any CPU.ActiveCfg = Release|Any CPU
		{A51AA388-4792-4B75-BEF9-569582832E65}.Release|Any CPU.Build.0 = Release|Any CPU
		{2218DE27-ACCE-44D1-BC74-8AAB799CCB42}.Debug|Any CPU.ActiveCfg = Debug|Any CPU
		{2218DE27-ACCE-44D1-BC74-8AAB799CCB42}.Debug|Any CPU.Build.0 = Debug|Any CPU
		{2218DE27-ACCE-44D1-BC74-8AAB799CCB42}.Release|Any CPU.ActiveCfg = Release|Any CPU
		{2218DE27-ACCE-44D1-BC74-8AAB799CCB42}.Release|Any CPU.Build.0 = Release|Any CPU
	EndGlobalSection
	GlobalSection(SolutionProperties) = preSolution
		HideSolutionNode = FALSE
	EndGlobalSection
EndGlobal
