
Microsoft Visual Studio Solution File, Format Version 10.00
# Visual Studio 2008
Project("{F184B08F-C81C-45F6-A57F-5ABD9991F28F}") = "Recipe11-01", "Recipe11-01\Recipe11-01.vbproj", "{3C8CB6E4-6E4F-49A3-B826-8F5C6B6D638A}"
EndProject
Project("{F184B08F-C81C-45F6-A57F-5ABD9991F28F}") = "Recipe11-02", "Recipe11-02\Recipe11-02.vbproj", "{E7F5B621-41F9-4445-B620-29053A710D34}"
EndProject
Project("{F184B08F-C81C-45F6-A57F-5ABD9991F28F}") = "Recipe11-03", "Recipe11-03\Recipe11-03.vbproj", "{6C7C6378-B517-4D33-9440-B12FBD4A5C9F}"
EndProject
Project("{F184B08F-C81C-45F6-A57F-5ABD9991F28F}") = "Recipe11-04", "Recipe11-04\Recipe11-04.vbproj", "{9969E24A-B981-40EA-9969-AA7B537CC590}"
EndProject
Project("{F184B08F-C81C-45F6-A57F-5ABD9991F28F}") = "Recipe11-05", "Recipe11-05\Recipe11-05.vbproj", "{36A45FDE-85F2-4713-BBB1-0728698794D8}"
EndProject
Project("{F184B08F-C81C-45F6-A57F-5ABD9991F28F}") = "Recipe11-06", "Recipe11-06\Recipe11-06.vbproj", "{832EDC88-E913-44AF-89FD-C2463891DB7F}"
EndProject
Project("{F184B08F-C81C-45F6-A57F-5ABD9991F28F}") = "Recipe11-07", "Recipe11-07\Recipe11-07.vbproj", "{40908052-D260-4E7D-B6B6-997F7C6F3429}"
EndProject
Project("{F184B08F-C81C-45F6-A57F-5ABD9991F28F}") = "Recipe11-08", "Recipe11-08\Recipe11-08.vbproj", "{CA7D2679-3C12-4EBC-8E28-FD6ACC39B41C}"
EndProject
Project("{F184B08F-C81C-45F6-A57F-5ABD9991F28F}") = "Recipe11-09", "Recipe11-09\Recipe11-09.vbproj", "{D1028887-B600-4513-A975-D950475C824D}"
EndProject
Project("{F184B08F-C81C-45F6-A57F-5ABD9991F28F}") = "Recipe11-10Client", "Recipe11-10Client\Recipe11-10Client.vbproj", "{166A456B-2AB3-4D69-B4A6-D8D79FEA0909}"
EndProject
Project("{F184B08F-C81C-45F6-A57F-5ABD9991F28F}") = "Recipe11-10Server", "Recipe11-10Server\Recipe11-10Server.vbproj", "{6194AA40-9601-4C5F-90E0-5F1331B22AEE}"
EndProject
Project("{F184B08F-C81C-45F6-A57F-5ABD9991F28F}") = "Recipe11-10Shared", "Recipe11-10Shared\Recipe11-10Shared.vbproj", "{8EED3B13-0622-4E0B-951F-F977C2323902}"
EndProject
Project("{F184B08F-C81C-45F6-A57F-5ABD9991F28F}") = "Recipe11-11Client", "Recipe11-11Client\Recipe11-11Client.vbproj", "{D626E208-EBA3-4DB7-856D-2CAD30938378}"
EndProject
Project("{F184B08F-C81C-45F6-A57F-5ABD9991F28F}") = "Recipe11-11Server", "Recipe11-11Server\Recipe11-11Server.vbproj", "{AB02F693-1185-47F9-97EC-9C78950FFE3A}"
EndProject
Project("{F184B08F-C81C-45F6-A57F-5ABD9991F28F}") = "Recipe11-11Shared", "Recipe11-11Shared\Recipe11-11Shared.vbproj", "{BE719214-11A7-4AC1-821F-EF3404D3C32A}"
EndProject
Project("{F184B08F-C81C-45F6-A57F-5ABD9991F28F}") = "Recipe11-12", "Recipe11-12\Recipe11-12.vbproj", "{D499D5F8-0D08-4F8E-B2E2-B3F1929F9E3B}"
EndProject
Project("{F184B08F-C81C-45F6-A57F-5ABD9991F28F}") = "Recipe11-13Server", "Recipe11-13Server\Recipe11-13Server.vbproj", "{85E547C6-F36B-4900-8295-3C43A3B5EA20}"
EndProject
Project("{F184B08F-C81C-45F6-A57F-5ABD9991F28F}") = "Recipe11-13Client", "Recipe11-13Client\Recipe11-13Client.vbproj", "{4854C9CC-9DC3-4C25-B580-D44A9ECBC4BF}"
EndProject
Project("{F184B08F-C81C-45F6-A57F-5ABD9991F28F}") = "Recipe11-14", "Recipe11-14\Recipe11-14.vbproj", "{0FFA4BD8-B795-4A20-9C21-9605DE0B3738}"
EndProject
Project("{F184B08F-C81C-45F6-A57F-5ABD9991F28F}") = "Recipe11-14Client", "Recipe11-14Client\Recipe11-14Client.vbproj", "{EAFCAA04-B98A-492C-9615-CDDC4B080741}"
EndProject
Project("{F184B08F-C81C-45F6-A57F-5ABD9991F28F}") = "Recipe11-14Host", "Recipe11-14Host\Recipe11-14Host.vbproj", "{4E1425D6-2E3B-4D6C-8A2D-A02E150EC91D}"
EndProject
Project("{F184B08F-C81C-45F6-A57F-5ABD9991F28F}") = "Recipe11-15", "Recipe11-15\Recipe11-15.vbproj", "{D491DA08-8D09-42D4-BBF2-7E997FC69033}"
EndProject
Project("{F184B08F-C81C-45F6-A57F-5ABD9991F28F}") = "Recipe11-16", "Recipe11-16\Recipe11-16.vbproj", "{AFC44EB3-94AF-4C9A-AD22-F06794D5131E}"
EndProject
Project("{F184B08F-C81C-45F6-A57F-5ABD9991F28F}") = "Recipe11-17", "Recipe11-17\Recipe11-17.vbproj", "{40381DB4-2F48-44FD-BB63-105C10F54220}"
EndProject
Project("{F184B08F-C81C-45F6-A57F-5ABD9991F28F}") = "Recipe11-19", "Recipe11-19\Recipe11-19.vbproj", "{C3BEC0D6-29D3-495D-B848-435B963A0301}"
EndProject
Global
	GlobalSection(SolutionConfigurationPlatforms) = preSolution
		Debug|Any CPU = Debug|Any CPU
		Release|Any CPU = Release|Any CPU
	EndGlobalSection
	GlobalSection(ProjectConfigurationPlatforms) = postSolution
		{3C8CB6E4-6E4F-49A3-B826-8F5C6B6D638A}.Debug|Any CPU.ActiveCfg = Debug|Any CPU
		{3C8CB6E4-6E4F-49A3-B826-8F5C6B6D638A}.Debug|Any CPU.Build.0 = Debug|Any CPU
		{3C8CB6E4-6E4F-49A3-B826-8F5C6B6D638A}.Release|Any CPU.ActiveCfg = Release|Any CPU
		{3C8CB6E4-6E4F-49A3-B826-8F5C6B6D638A}.Release|Any CPU.Build.0 = Release|Any CPU
		{E7F5B621-41F9-4445-B620-29053A710D34}.Debug|Any CPU.ActiveCfg = Debug|Any CPU
		{E7F5B621-41F9-4445-B620-29053A710D34}.Debug|Any CPU.Build.0 = Debug|Any CPU
		{E7F5B621-41F9-4445-B620-29053A710D34}.Release|Any CPU.ActiveCfg = Release|Any CPU
		{E7F5B621-41F9-4445-B620-29053A710D34}.Release|Any CPU.Build.0 = Release|Any CPU
		{6C7C6378-B517-4D33-9440-B12FBD4A5C9F}.Debug|Any CPU.ActiveCfg = Debug|Any CPU
		{6C7C6378-B517-4D33-9440-B12FBD4A5C9F}.Debug|Any CPU.Build.0 = Debug|Any CPU
		{6C7C6378-B517-4D33-9440-B12FBD4A5C9F}.Release|Any CPU.ActiveCfg = Release|Any CPU
		{6C7C6378-B517-4D33-9440-B12FBD4A5C9F}.Release|Any CPU.Build.0 = Release|Any CPU
		{9969E24A-B981-40EA-9969-AA7B537CC590}.Debug|Any CPU.ActiveCfg = Debug|Any CPU
		{9969E24A-B981-40EA-9969-AA7B537CC590}.Debug|Any CPU.Build.0 = Debug|Any CPU
		{9969E24A-B981-40EA-9969-AA7B537CC590}.Release|Any CPU.ActiveCfg = Release|Any CPU
		{9969E24A-B981-40EA-9969-AA7B537CC590}.Release|Any CPU.Build.0 = Release|Any CPU
		{36A45FDE-85F2-4713-BBB1-0728698794D8}.Debug|Any CPU.ActiveCfg = Debug|Any CPU
		{36A45FDE-85F2-4713-BBB1-0728698794D8}.Debug|Any CPU.Build.0 = Debug|Any CPU
		{36A45FDE-85F2-4713-BBB1-0728698794D8}.Release|Any CPU.ActiveCfg = Release|Any CPU
		{36A45FDE-85F2-4713-BBB1-0728698794D8}.Release|Any CPU.Build.0 = Release|Any CPU
		{832EDC88-E913-44AF-89FD-C2463891DB7F}.Debug|Any CPU.ActiveCfg = Debug|Any CPU
		{832EDC88-E913-44AF-89FD-C2463891DB7F}.Debug|Any CPU.Build.0 = Debug|Any CPU
		{832EDC88-E913-44AF-89FD-C2463891DB7F}.Release|Any CPU.ActiveCfg = Release|Any CPU
		{832EDC88-E913-44AF-89FD-C2463891DB7F}.Release|Any CPU.Build.0 = Release|Any CPU
		{40908052-D260-4E7D-B6B6-997F7C6F3429}.Debug|Any CPU.ActiveCfg = Debug|Any CPU
		{40908052-D260-4E7D-B6B6-997F7C6F3429}.Debug|Any CPU.Build.0 = Debug|Any CPU
		{40908052-D260-4E7D-B6B6-997F7C6F3429}.Release|Any CPU.ActiveCfg = Release|Any CPU
		{40908052-D260-4E7D-B6B6-997F7C6F3429}.Release|Any CPU.Build.0 = Release|Any CPU
		{CA7D2679-3C12-4EBC-8E28-FD6ACC39B41C}.Debug|Any CPU.ActiveCfg = Debug|Any CPU
		{CA7D2679-3C12-4EBC-8E28-FD6ACC39B41C}.Debug|Any CPU.Build.0 = Debug|Any CPU
		{CA7D2679-3C12-4EBC-8E28-FD6ACC39B41C}.Release|Any CPU.ActiveCfg = Release|Any CPU
		{CA7D2679-3C12-4EBC-8E28-FD6ACC39B41C}.Release|Any CPU.Build.0 = Release|Any CPU
		{D1028887-B600-4513-A975-D950475C824D}.Debug|Any CPU.ActiveCfg = Debug|Any CPU
		{D1028887-B600-4513-A975-D950475C824D}.Debug|Any CPU.Build.0 = Debug|Any CPU
		{D1028887-B600-4513-A975-D950475C824D}.Release|Any CPU.ActiveCfg = Release|Any CPU
		{D1028887-B600-4513-A975-D950475C824D}.Release|Any CPU.Build.0 = Release|Any CPU
		{166A456B-2AB3-4D69-B4A6-D8D79FEA0909}.Debug|Any CPU.ActiveCfg = Debug|Any CPU
		{166A456B-2AB3-4D69-B4A6-D8D79FEA0909}.Debug|Any CPU.Build.0 = Debug|Any CPU
		{166A456B-2AB3-4D69-B4A6-D8D79FEA0909}.Release|Any CPU.ActiveCfg = Release|Any CPU
		{166A456B-2AB3-4D69-B4A6-D8D79FEA0909}.Release|Any CPU.Build.0 = Release|Any CPU
		{6194AA40-9601-4C5F-90E0-5F1331B22AEE}.Debug|Any CPU.ActiveCfg = Debug|Any CPU
		{6194AA40-9601-4C5F-90E0-5F1331B22AEE}.Debug|Any CPU.Build.0 = Debug|Any CPU
		{6194AA40-9601-4C5F-90E0-5F1331B22AEE}.Release|Any CPU.ActiveCfg = Release|Any CPU
		{6194AA40-9601-4C5F-90E0-5F1331B22AEE}.Release|Any CPU.Build.0 = Release|Any CPU
		{8EED3B13-0622-4E0B-951F-F977C2323902}.Debug|Any CPU.ActiveCfg = Debug|Any CPU
		{8EED3B13-0622-4E0B-951F-F977C2323902}.Debug|Any CPU.Build.0 = Debug|Any CPU
		{8EED3B13-0622-4E0B-951F-F977C2323902}.Release|Any CPU.ActiveCfg = Release|Any CPU
		{8EED3B13-0622-4E0B-951F-F977C2323902}.Release|Any CPU.Build.0 = Release|Any CPU
		{D626E208-EBA3-4DB7-856D-2CAD30938378}.Debug|Any CPU.ActiveCfg = Debug|Any CPU
		{D626E208-EBA3-4DB7-856D-2CAD30938378}.Debug|Any CPU.Build.0 = Debug|Any CPU
		{D626E208-EBA3-4DB7-856D-2CAD30938378}.Release|Any CPU.ActiveCfg = Release|Any CPU
		{D626E208-EBA3-4DB7-856D-2CAD30938378}.Release|Any CPU.Build.0 = Release|Any CPU
		{AB02F693-1185-47F9-97EC-9C78950FFE3A}.Debug|Any CPU.ActiveCfg = Debug|Any CPU
		{AB02F693-1185-47F9-97EC-9C78950FFE3A}.Debug|Any CPU.Build.0 = Debug|Any CPU
		{AB02F693-1185-47F9-97EC-9C78950FFE3A}.Release|Any CPU.ActiveCfg = Release|Any CPU
		{AB02F693-1185-47F9-97EC-9C78950FFE3A}.Release|Any CPU.Build.0 = Release|Any CPU
		{BE719214-11A7-4AC1-821F-EF3404D3C32A}.Debug|Any CPU.ActiveCfg = Debug|Any CPU
		{BE719214-11A7-4AC1-821F-EF3404D3C32A}.Debug|Any CPU.Build.0 = Debug|Any CPU
		{BE719214-11A7-4AC1-821F-EF3404D3C32A}.Release|Any CPU.ActiveCfg = Release|Any CPU
		{BE719214-11A7-4AC1-821F-EF3404D3C32A}.Release|Any CPU.Build.0 = Release|Any CPU
		{D499D5F8-0D08-4F8E-B2E2-B3F1929F9E3B}.Debug|Any CPU.ActiveCfg = Debug|Any CPU
		{D499D5F8-0D08-4F8E-B2E2-B3F1929F9E3B}.Debug|Any CPU.Build.0 = Debug|Any CPU
		{D499D5F8-0D08-4F8E-B2E2-B3F1929F9E3B}.Release|Any CPU.ActiveCfg = Release|Any CPU
		{D499D5F8-0D08-4F8E-B2E2-B3F1929F9E3B}.Release|Any CPU.Build.0 = Release|Any CPU
		{85E547C6-F36B-4900-8295-3C43A3B5EA20}.Debug|Any CPU.ActiveCfg = Debug|Any CPU
		{85E547C6-F36B-4900-8295-3C43A3B5EA20}.Debug|Any CPU.Build.0 = Debug|Any CPU
		{85E547C6-F36B-4900-8295-3C43A3B5EA20}.Release|Any CPU.ActiveCfg = Release|Any CPU
		{85E547C6-F36B-4900-8295-3C43A3B5EA20}.Release|Any CPU.Build.0 = Release|Any CPU
		{4854C9CC-9DC3-4C25-B580-D44A9ECBC4BF}.Debug|Any CPU.ActiveCfg = Debug|Any CPU
		{4854C9CC-9DC3-4C25-B580-D44A9ECBC4BF}.Debug|Any CPU.Build.0 = Debug|Any CPU
		{4854C9CC-9DC3-4C25-B580-D44A9ECBC4BF}.Release|Any CPU.ActiveCfg = Release|Any CPU
		{4854C9CC-9DC3-4C25-B580-D44A9ECBC4BF}.Release|Any CPU.Build.0 = Release|Any CPU
		{0FFA4BD8-B795-4A20-9C21-9605DE0B3738}.Debug|Any CPU.ActiveCfg = Debug|Any CPU
		{0FFA4BD8-B795-4A20-9C21-9605DE0B3738}.Debug|Any CPU.Build.0 = Debug|Any CPU
		{0FFA4BD8-B795-4A20-9C21-9605DE0B3738}.Release|Any CPU.ActiveCfg = Release|Any CPU
		{0FFA4BD8-B795-4A20-9C21-9605DE0B3738}.Release|Any CPU.Build.0 = Release|Any CPU
		{EAFCAA04-B98A-492C-9615-CDDC4B080741}.Debug|Any CPU.ActiveCfg = Debug|Any CPU
		{EAFCAA04-B98A-492C-9615-CDDC4B080741}.Debug|Any CPU.Build.0 = Debug|Any CPU
		{EAFCAA04-B98A-492C-9615-CDDC4B080741}.Release|Any CPU.ActiveCfg = Release|Any CPU
		{EAFCAA04-B98A-492C-9615-CDDC4B080741}.Release|Any CPU.Build.0 = Release|Any CPU
		{4E1425D6-2E3B-4D6C-8A2D-A02E150EC91D}.Debug|Any CPU.ActiveCfg = Debug|Any CPU
		{4E1425D6-2E3B-4D6C-8A2D-A02E150EC91D}.Debug|Any CPU.Build.0 = Debug|Any CPU
		{4E1425D6-2E3B-4D6C-8A2D-A02E150EC91D}.Release|Any CPU.ActiveCfg = Release|Any CPU
		{4E1425D6-2E3B-4D6C-8A2D-A02E150EC91D}.Release|Any CPU.Build.0 = Release|Any CPU
		{D491DA08-8D09-42D4-BBF2-7E997FC69033}.Debug|Any CPU.ActiveCfg = Debug|Any CPU
		{D491DA08-8D09-42D4-BBF2-7E997FC69033}.Debug|Any CPU.Build.0 = Debug|Any CPU
		{D491DA08-8D09-42D4-BBF2-7E997FC69033}.Release|Any CPU.ActiveCfg = Release|Any CPU
		{D491DA08-8D09-42D4-BBF2-7E997FC69033}.Release|Any CPU.Build.0 = Release|Any CPU
		{AFC44EB3-94AF-4C9A-AD22-F06794D5131E}.Debug|Any CPU.ActiveCfg = Debug|Any CPU
		{AFC44EB3-94AF-4C9A-AD22-F06794D5131E}.Debug|Any CPU.Build.0 = Debug|Any CPU
		{AFC44EB3-94AF-4C9A-AD22-F06794D5131E}.Release|Any CPU.ActiveCfg = Release|Any CPU
		{AFC44EB3-94AF-4C9A-AD22-F06794D5131E}.Release|Any CPU.Build.0 = Release|Any CPU
		{40381DB4-2F48-44FD-BB63-105C10F54220}.Debug|Any CPU.ActiveCfg = Debug|Any CPU
		{40381DB4-2F48-44FD-BB63-105C10F54220}.Debug|Any CPU.Build.0 = Debug|Any CPU
		{40381DB4-2F48-44FD-BB63-105C10F54220}.Release|Any CPU.ActiveCfg = Release|Any CPU
		{40381DB4-2F48-44FD-BB63-105C10F54220}.Release|Any CPU.Build.0 = Release|Any CPU
		{C3BEC0D6-29D3-495D-B848-435B963A0301}.Debug|Any CPU.ActiveCfg = Debug|Any CPU
		{C3BEC0D6-29D3-495D-B848-435B963A0301}.Debug|Any CPU.Build.0 = Debug|Any CPU
		{C3BEC0D6-29D3-495D-B848-435B963A0301}.Release|Any CPU.ActiveCfg = Release|Any CPU
		{C3BEC0D6-29D3-495D-B848-435B963A0301}.Release|Any CPU.Build.0 = Release|Any CPU
	EndGlobalSection
	GlobalSection(SolutionProperties) = preSolution
		HideSolutionNode = FALSE
	EndGlobalSection
EndGlobal
