
Microsoft Visual Studio Solution File, Format Version 10.00
# Visual Studio 2008
Project("{F184B08F-C81C-45F6-A57F-5ABD9991F28F}") = "Recipe05-01", "Recipe05-01\Recipe05-01.vbproj", "{6CA5ACDF-638C-4EBC-800C-1711FCF35E42}"
EndProject
Project("{F184B08F-C81C-45F6-A57F-5ABD9991F28F}") = "Recipe05-02", "Recipe05-02\Recipe05-02.vbproj", "{B5769E6B-8AB7-48EA-9B96-87136A7AF33D}"
EndProject
Project("{F184B08F-C81C-45F6-A57F-5ABD9991F28F}") = "Recipe05-03", "Recipe05-03\Recipe05-03.vbproj", "{1897231B-79B3-48FD-869C-EDF43B285287}"
EndProject
Project("{F184B08F-C81C-45F6-A57F-5ABD9991F28F}") = "Recipe05-04", "Recipe05-04\Recipe05-04.vbproj", "{0F3BF028-DF84-4490-887C-17E968AEC32B}"
EndProject
Project("{F184B08F-C81C-45F6-A57F-5ABD9991F28F}") = "Recipe05-05", "Recipe05-05\Recipe05-05.vbproj", "{5CD35602-833B-4617-AF27-FFF867419BC6}"
EndProject
Project("{F184B08F-C81C-45F6-A57F-5ABD9991F28F}") = "Recipe05-06", "Recipe05-06\Recipe05-06.vbproj", "{458D8164-F53B-4D28-9386-8065838C3881}"
EndProject
Project("{F184B08F-C81C-45F6-A57F-5ABD9991F28F}") = "Recipe05-07", "Recipe05-07\Recipe05-07.vbproj", "{74C40EE0-D615-474B-94D4-B27FDB9EA858}"
EndProject
Project("{F184B08F-C81C-45F6-A57F-5ABD9991F28F}") = "Recipe05-08", "Recipe05-08\Recipe05-08.vbproj", "{72CAF858-0EFC-4032-AB7D-A631819DBCE5}"
EndProject
Project("{F184B08F-C81C-45F6-A57F-5ABD9991F28F}") = "Recipe05-09", "Recipe05-09\Recipe05-09.vbproj", "{DF884E2C-FEB7-4D8A-B44D-3C7F1DA520E5}"
EndProject
Project("{F184B08F-C81C-45F6-A57F-5ABD9991F28F}") = "Recipe05-10", "Recipe05-10\Recipe05-10.vbproj", "{897BDC70-75BC-45BE-92B6-A1A68F6B3AC8}"
EndProject
Project("{F184B08F-C81C-45F6-A57F-5ABD9991F28F}") = "Recipe05-11", "Recipe05-11\Recipe05-11.vbproj", "{36EEA274-5947-477C-95EE-795DB1F1608F}"
EndProject
Project("{F184B08F-C81C-45F6-A57F-5ABD9991F28F}") = "Recipe05-12", "Recipe05-12\Recipe05-12.vbproj", "{5173AFC4-0589-4AC8-981C-A832917C85A5}"
EndProject
Project("{F184B08F-C81C-45F6-A57F-5ABD9991F28F}") = "Recipe05-14", "Recipe05-14\Recipe05-14.vbproj", "{B4DC1F14-4507-41DE-80F1-B808C8A43381}"
EndProject
Project("{F184B08F-C81C-45F6-A57F-5ABD9991F28F}") = "Recipe05-15", "Recipe05-15\Recipe05-15.vbproj", "{37423DA8-3F41-4E9D-9A9A-99A8DA47FE4E}"
EndProject
Project("{F184B08F-C81C-45F6-A57F-5ABD9991F28F}") = "Recipe05-16", "Recipe05-16\Recipe05-16.vbproj", "{425810BB-A1B5-4184-8AD5-95BA2C7B402F}"
EndProject
Project("{F184B08F-C81C-45F6-A57F-5ABD9991F28F}") = "Recipe05-17", "Recipe05-17\Recipe05-17.vbproj", "{0943ED13-29F4-4A4F-B22C-726EF2C2CCF9}"
EndProject
Project("{F184B08F-C81C-45F6-A57F-5ABD9991F28F}") = "Recipe05-19", "Recipe05-19\Recipe05-19.vbproj", "{80C70792-BF36-48A9-98E8-D65AA786E268}"
EndProject
Project("{F184B08F-C81C-45F6-A57F-5ABD9991F28F}") = "Recipe05-20", "Recipe05-20\Recipe05-20.vbproj", "{3095F3B9-0EA6-496B-AC2B-00995A85DEDA}"
EndProject
Project("{F184B08F-C81C-45F6-A57F-5ABD9991F28F}") = "Recipe05-21", "Recipe05-21\Recipe05-21.vbproj", "{4E680BCE-84ED-4077-AD16-F70669AE256D}"
EndProject
Project("{F184B08F-C81C-45F6-A57F-5ABD9991F28F}") = "Recipe05-23", "Recipe05-23\Recipe05-23.vbproj", "{79016DC4-3D49-4BB3-B6A2-95A39FD38F3E}"
EndProject
Project("{F184B08F-C81C-45F6-A57F-5ABD9991F28F}") = "Recipe05-18", "Recipe05-18\Recipe05-18.vbproj", "{F0C4578B-F1BB-4FFB-884D-7F62BC93037E}"
EndProject
Global
	GlobalSection(SolutionConfigurationPlatforms) = preSolution
		Debug|Any CPU = Debug|Any CPU
		Release|Any CPU = Release|Any CPU
	EndGlobalSection
	GlobalSection(ProjectConfigurationPlatforms) = postSolution
		{6CA5ACDF-638C-4EBC-800C-1711FCF35E42}.Debug|Any CPU.ActiveCfg = Debug|Any CPU
		{6CA5ACDF-638C-4EBC-800C-1711FCF35E42}.Debug|Any CPU.Build.0 = Debug|Any CPU
		{6CA5ACDF-638C-4EBC-800C-1711FCF35E42}.Release|Any CPU.ActiveCfg = Release|Any CPU
		{6CA5ACDF-638C-4EBC-800C-1711FCF35E42}.Release|Any CPU.Build.0 = Release|Any CPU
		{B5769E6B-8AB7-48EA-9B96-87136A7AF33D}.Debug|Any CPU.ActiveCfg = Debug|Any CPU
		{B5769E6B-8AB7-48EA-9B96-87136A7AF33D}.Debug|Any CPU.Build.0 = Debug|Any CPU
		{B5769E6B-8AB7-48EA-9B96-87136A7AF33D}.Release|Any CPU.ActiveCfg = Release|Any CPU
		{B5769E6B-8AB7-48EA-9B96-87136A7AF33D}.Release|Any CPU.Build.0 = Release|Any CPU
		{1897231B-79B3-48FD-869C-EDF43B285287}.Debug|Any CPU.ActiveCfg = Debug|Any CPU
		{1897231B-79B3-48FD-869C-EDF43B285287}.Debug|Any CPU.Build.0 = Debug|Any CPU
		{1897231B-79B3-48FD-869C-EDF43B285287}.Release|Any CPU.ActiveCfg = Release|Any CPU
		{1897231B-79B3-48FD-869C-EDF43B285287}.Release|Any CPU.Build.0 = Release|Any CPU
		{0F3BF028-DF84-4490-887C-17E968AEC32B}.Debug|Any CPU.ActiveCfg = Debug|Any CPU
		{0F3BF028-DF84-4490-887C-17E968AEC32B}.Debug|Any CPU.Build.0 = Debug|Any CPU
		{0F3BF028-DF84-4490-887C-17E968AEC32B}.Release|Any CPU.ActiveCfg = Release|Any CPU
		{0F3BF028-DF84-4490-887C-17E968AEC32B}.Release|Any CPU.Build.0 = Release|Any CPU
		{5CD35602-833B-4617-AF27-FFF867419BC6}.Debug|Any CPU.ActiveCfg = Debug|Any CPU
		{5CD35602-833B-4617-AF27-FFF867419BC6}.Debug|Any CPU.Build.0 = Debug|Any CPU
		{5CD35602-833B-4617-AF27-FFF867419BC6}.Release|Any CPU.ActiveCfg = Release|Any CPU
		{5CD35602-833B-4617-AF27-FFF867419BC6}.Release|Any CPU.Build.0 = Release|Any CPU
		{458D8164-F53B-4D28-9386-8065838C3881}.Debug|Any CPU.ActiveCfg = Debug|Any CPU
		{458D8164-F53B-4D28-9386-8065838C3881}.Debug|Any CPU.Build.0 = Debug|Any CPU
		{458D8164-F53B-4D28-9386-8065838C3881}.Release|Any CPU.ActiveCfg = Release|Any CPU
		{458D8164-F53B-4D28-9386-8065838C3881}.Release|Any CPU.Build.0 = Release|Any CPU
		{74C40EE0-D615-474B-94D4-B27FDB9EA858}.Debug|Any CPU.ActiveCfg = Debug|Any CPU
		{74C40EE0-D615-474B-94D4-B27FDB9EA858}.Debug|Any CPU.Build.0 = Debug|Any CPU
		{74C40EE0-D615-474B-94D4-B27FDB9EA858}.Release|Any CPU.ActiveCfg = Release|Any CPU
		{74C40EE0-D615-474B-94D4-B27FDB9EA858}.Release|Any CPU.Build.0 = Release|Any CPU
		{72CAF858-0EFC-4032-AB7D-A631819DBCE5}.Debug|Any CPU.ActiveCfg = Debug|Any CPU
		{72CAF858-0EFC-4032-AB7D-A631819DBCE5}.Debug|Any CPU.Build.0 = Debug|Any CPU
		{72CAF858-0EFC-4032-AB7D-A631819DBCE5}.Release|Any CPU.ActiveCfg = Release|Any CPU
		{72CAF858-0EFC-4032-AB7D-A631819DBCE5}.Release|Any CPU.Build.0 = Release|Any CPU
		{DF884E2C-FEB7-4D8A-B44D-3C7F1DA520E5}.Debug|Any CPU.ActiveCfg = Debug|Any CPU
		{DF884E2C-FEB7-4D8A-B44D-3C7F1DA520E5}.Debug|Any CPU.Build.0 = Debug|Any CPU
		{DF884E2C-FEB7-4D8A-B44D-3C7F1DA520E5}.Release|Any CPU.ActiveCfg = Release|Any CPU
		{DF884E2C-FEB7-4D8A-B44D-3C7F1DA520E5}.Release|Any CPU.Build.0 = Release|Any CPU
		{897BDC70-75BC-45BE-92B6-A1A68F6B3AC8}.Debug|Any CPU.ActiveCfg = Debug|Any CPU
		{897BDC70-75BC-45BE-92B6-A1A68F6B3AC8}.Debug|Any CPU.Build.0 = Debug|Any CPU
		{897BDC70-75BC-45BE-92B6-A1A68F6B3AC8}.Release|Any CPU.ActiveCfg = Release|Any CPU
		{897BDC70-75BC-45BE-92B6-A1A68F6B3AC8}.Release|Any CPU.Build.0 = Release|Any CPU
		{36EEA274-5947-477C-95EE-795DB1F1608F}.Debug|Any CPU.ActiveCfg = Debug|Any CPU
		{36EEA274-5947-477C-95EE-795DB1F1608F}.Debug|Any CPU.Build.0 = Debug|Any CPU
		{36EEA274-5947-477C-95EE-795DB1F1608F}.Release|Any CPU.ActiveCfg = Release|Any CPU
		{36EEA274-5947-477C-95EE-795DB1F1608F}.Release|Any CPU.Build.0 = Release|Any CPU
		{5173AFC4-0589-4AC8-981C-A832917C85A5}.Debug|Any CPU.ActiveCfg = Debug|Any CPU
		{5173AFC4-0589-4AC8-981C-A832917C85A5}.Debug|Any CPU.Build.0 = Debug|Any CPU
		{5173AFC4-0589-4AC8-981C-A832917C85A5}.Release|Any CPU.ActiveCfg = Release|Any CPU
		{5173AFC4-0589-4AC8-981C-A832917C85A5}.Release|Any CPU.Build.0 = Release|Any CPU
		{B4DC1F14-4507-41DE-80F1-B808C8A43381}.Debug|Any CPU.ActiveCfg = Debug|Any CPU
		{B4DC1F14-4507-41DE-80F1-B808C8A43381}.Debug|Any CPU.Build.0 = Debug|Any CPU
		{B4DC1F14-4507-41DE-80F1-B808C8A43381}.Release|Any CPU.ActiveCfg = Release|Any CPU
		{B4DC1F14-4507-41DE-80F1-B808C8A43381}.Release|Any CPU.Build.0 = Release|Any CPU
		{37423DA8-3F41-4E9D-9A9A-99A8DA47FE4E}.Debug|Any CPU.ActiveCfg = Debug|Any CPU
		{37423DA8-3F41-4E9D-9A9A-99A8DA47FE4E}.Debug|Any CPU.Build.0 = Debug|Any CPU
		{37423DA8-3F41-4E9D-9A9A-99A8DA47FE4E}.Release|Any CPU.ActiveCfg = Release|Any CPU
		{37423DA8-3F41-4E9D-9A9A-99A8DA47FE4E}.Release|Any CPU.Build.0 = Release|Any CPU
		{425810BB-A1B5-4184-8AD5-95BA2C7B402F}.Debug|Any CPU.ActiveCfg = Debug|Any CPU
		{425810BB-A1B5-4184-8AD5-95BA2C7B402F}.Debug|Any CPU.Build.0 = Debug|Any CPU
		{425810BB-A1B5-4184-8AD5-95BA2C7B402F}.Release|Any CPU.ActiveCfg = Release|Any CPU
		{425810BB-A1B5-4184-8AD5-95BA2C7B402F}.Release|Any CPU.Build.0 = Release|Any CPU
		{0943ED13-29F4-4A4F-B22C-726EF2C2CCF9}.Debug|Any CPU.ActiveCfg = Debug|Any CPU
		{0943ED13-29F4-4A4F-B22C-726EF2C2CCF9}.Debug|Any CPU.Build.0 = Debug|Any CPU
		{0943ED13-29F4-4A4F-B22C-726EF2C2CCF9}.Release|Any CPU.ActiveCfg = Release|Any CPU
		{0943ED13-29F4-4A4F-B22C-726EF2C2CCF9}.Release|Any CPU.Build.0 = Release|Any CPU
		{80C70792-BF36-48A9-98E8-D65AA786E268}.Debug|Any CPU.ActiveCfg = Debug|Any CPU
		{80C70792-BF36-48A9-98E8-D65AA786E268}.Debug|Any CPU.Build.0 = Debug|Any CPU
		{80C70792-BF36-48A9-98E8-D65AA786E268}.Release|Any CPU.ActiveCfg = Release|Any CPU
		{80C70792-BF36-48A9-98E8-D65AA786E268}.Release|Any CPU.Build.0 = Release|Any CPU
		{3095F3B9-0EA6-496B-AC2B-00995A85DEDA}.Debug|Any CPU.ActiveCfg = Debug|Any CPU
		{3095F3B9-0EA6-496B-AC2B-00995A85DEDA}.Debug|Any CPU.Build.0 = Debug|Any CPU
		{3095F3B9-0EA6-496B-AC2B-00995A85DEDA}.Release|Any CPU.ActiveCfg = Release|Any CPU
		{3095F3B9-0EA6-496B-AC2B-00995A85DEDA}.Release|Any CPU.Build.0 = Release|Any CPU
		{4E680BCE-84ED-4077-AD16-F70669AE256D}.Debug|Any CPU.ActiveCfg = Debug|Any CPU
		{4E680BCE-84ED-4077-AD16-F70669AE256D}.Debug|Any CPU.Build.0 = Debug|Any CPU
		{4E680BCE-84ED-4077-AD16-F70669AE256D}.Release|Any CPU.ActiveCfg = Release|Any CPU
		{4E680BCE-84ED-4077-AD16-F70669AE256D}.Release|Any CPU.Build.0 = Release|Any CPU
		{79016DC4-3D49-4BB3-B6A2-95A39FD38F3E}.Debug|Any CPU.ActiveCfg = Debug|Any CPU
		{79016DC4-3D49-4BB3-B6A2-95A39FD38F3E}.Debug|Any CPU.Build.0 = Debug|Any CPU
		{79016DC4-3D49-4BB3-B6A2-95A39FD38F3E}.Release|Any CPU.ActiveCfg = Release|Any CPU
		{79016DC4-3D49-4BB3-B6A2-95A39FD38F3E}.Release|Any CPU.Build.0 = Release|Any CPU
		{F0C4578B-F1BB-4FFB-884D-7F62BC93037E}.Debug|Any CPU.ActiveCfg = Debug|Any CPU
		{F0C4578B-F1BB-4FFB-884D-7F62BC93037E}.Debug|Any CPU.Build.0 = Debug|Any CPU
		{F0C4578B-F1BB-4FFB-884D-7F62BC93037E}.Release|Any CPU.ActiveCfg = Release|Any CPU
		{F0C4578B-F1BB-4FFB-884D-7F62BC93037E}.Release|Any CPU.Build.0 = Release|Any CPU
	EndGlobalSection
	GlobalSection(SolutionProperties) = preSolution
		HideSolutionNode = FALSE
	EndGlobalSection
EndGlobal
