
Microsoft Visual Studio Solution File, Format Version 10.00
# Visual Studio 2008
Project("{F184B08F-C81C-45F6-A57F-5ABD9991F28F}") = "Recipe09-01", "Recipe09-01\Recipe09-01.vbproj", "{1BF3BB46-DD22-4F61-A742-ECEF79FC5F2C}"
EndProject
Project("{F184B08F-C81C-45F6-A57F-5ABD9991F28F}") = "Recipe09-02", "Recipe09-02\Recipe09-02.vbproj", "{59A02A83-94B7-4267-ADEF-ACD0CCA89278}"
EndProject
Project("{F184B08F-C81C-45F6-A57F-5ABD9991F28F}") = "Recipe09-03", "Recipe09-03\Recipe09-03.vbproj", "{BEE6FE65-A715-4AB9-AAD1-39B7A00D21B8}"
EndProject
Project("{F184B08F-C81C-45F6-A57F-5ABD9991F28F}") = "Recipe09-04", "Recipe09-04\Recipe09-04.vbproj", "{B1D2C1A7-07F4-44AF-B657-38DFCFEEC08C}"
EndProject
Project("{F184B08F-C81C-45F6-A57F-5ABD9991F28F}") = "Recipe09-05", "Recipe09-05\Recipe09-05.vbproj", "{E6EF17A2-FAA4-402F-B72E-5B6360385F1D}"
EndProject
Project("{F184B08F-C81C-45F6-A57F-5ABD9991F28F}") = "Recipe09-06", "Recipe09-06\Recipe09-06.vbproj", "{3E84F7A1-B1F5-4B32-9B4D-5410DD8F83BF}"
EndProject
Project("{F184B08F-C81C-45F6-A57F-5ABD9991F28F}") = "Recipe09-07", "Recipe09-07\Recipe09-07.vbproj", "{0D5CA5D7-BF98-464A-9C84-4381A24970BA}"
EndProject
Project("{F184B08F-C81C-45F6-A57F-5ABD9991F28F}") = "Recipe09-08", "Recipe09-08\Recipe09-08.vbproj", "{706D6C4A-02BF-4718-8DBD-71C42861E982}"
EndProject
Project("{F184B08F-C81C-45F6-A57F-5ABD9991F28F}") = "Recipe09-09", "Recipe09-09\Recipe09-09.vbproj", "{977DE612-9FDF-4ACF-8A65-6D8170AA34A4}"
EndProject
Project("{F184B08F-C81C-45F6-A57F-5ABD9991F28F}") = "Recipe09-10", "Recipe09-10\Recipe09-10.vbproj", "{6ACEBDA6-9594-4EBD-B0FB-E90980E4D9AD}"
EndProject
Project("{F184B08F-C81C-45F6-A57F-5ABD9991F28F}") = "Recipe09-11", "Recipe09-11\Recipe09-11.vbproj", "{32614191-DB64-4B40-8651-D3827CC6BF53}"
EndProject
Project("{F184B08F-C81C-45F6-A57F-5ABD9991F28F}") = "Recipe09-12", "Recipe09-12\Recipe09-12.vbproj", "{1C64221F-8727-4F16-AE82-9441F67C724C}"
EndProject
Project("{F184B08F-C81C-45F6-A57F-5ABD9991F28F}") = "Recipe09-13", "Recipe09-13\Recipe09-13.vbproj", "{45914FE4-A172-4D3A-8C8B-83E40A86EAF0}"
EndProject
Project("{F184B08F-C81C-45F6-A57F-5ABD9991F28F}") = "Recipe09-14", "Recipe09-14\Recipe09-14.vbproj", "{EA35CBFB-9302-4053-A606-EFDC3DFB5C72}"
EndProject
Project("{F184B08F-C81C-45F6-A57F-5ABD9991F28F}") = "Recipe09-15", "Recipe09-15\Recipe09-15.vbproj", "{77741B76-8C4A-42B2-AE12-D3F9A0436B65}"
EndProject
Project("{F184B08F-C81C-45F6-A57F-5ABD9991F28F}") = "Recipe09-16", "Recipe09-16\Recipe09-16.vbproj", "{4D14648A-EC11-4BBA-BA60-8994DE54EB43}"
EndProject
Project("{F184B08F-C81C-45F6-A57F-5ABD9991F28F}") = "Recipe09-17", "Recipe09-17\Recipe09-17.vbproj", "{F37E7A7A-3932-4331-A676-5556A9004830}"
EndProject
Project("{F184B08F-C81C-45F6-A57F-5ABD9991F28F}") = "Recipe09-18", "Recipe09-18\Recipe09-18.vbproj", "{9C53CEA5-73AE-4FD9-89F3-0C63F6F94B69}"
EndProject
Project("{F184B08F-C81C-45F6-A57F-5ABD9991F28F}") = "Recipe09-19", "Recipe09-19\Recipe09-19.vbproj", "{E462E054-6FEC-476D-8A3D-2E11A0ACBB08}"
EndProject
Project("{F184B08F-C81C-45F6-A57F-5ABD9991F28F}") = "Recipe09-20", "Recipe09-20\Recipe09-20.vbproj", "{72B2BCCB-9298-4E87-B35B-3490E9984F0A}"
EndProject
Project("{F184B08F-C81C-45F6-A57F-5ABD9991F28F}") = "Recipe09-21", "Recipe09-21\Recipe09-21.vbproj", "{4E21B23C-725E-465C-9ABC-153B51920B4D}"
EndProject
Global
	GlobalSection(SolutionConfigurationPlatforms) = preSolution
		Debug|Any CPU = Debug|Any CPU
		Release|Any CPU = Release|Any CPU
	EndGlobalSection
	GlobalSection(ProjectConfigurationPlatforms) = postSolution
		{1BF3BB46-DD22-4F61-A742-ECEF79FC5F2C}.Debug|Any CPU.ActiveCfg = Debug|Any CPU
		{1BF3BB46-DD22-4F61-A742-ECEF79FC5F2C}.Debug|Any CPU.Build.0 = Debug|Any CPU
		{1BF3BB46-DD22-4F61-A742-ECEF79FC5F2C}.Release|Any CPU.ActiveCfg = Release|Any CPU
		{1BF3BB46-DD22-4F61-A742-ECEF79FC5F2C}.Release|Any CPU.Build.0 = Release|Any CPU
		{59A02A83-94B7-4267-ADEF-ACD0CCA89278}.Debug|Any CPU.ActiveCfg = Debug|Any CPU
		{59A02A83-94B7-4267-ADEF-ACD0CCA89278}.Debug|Any CPU.Build.0 = Debug|Any CPU
		{59A02A83-94B7-4267-ADEF-ACD0CCA89278}.Release|Any CPU.ActiveCfg = Release|Any CPU
		{59A02A83-94B7-4267-ADEF-ACD0CCA89278}.Release|Any CPU.Build.0 = Release|Any CPU
		{BEE6FE65-A715-4AB9-AAD1-39B7A00D21B8}.Debug|Any CPU.ActiveCfg = Debug|Any CPU
		{BEE6FE65-A715-4AB9-AAD1-39B7A00D21B8}.Debug|Any CPU.Build.0 = Debug|Any CPU
		{BEE6FE65-A715-4AB9-AAD1-39B7A00D21B8}.Release|Any CPU.ActiveCfg = Release|Any CPU
		{BEE6FE65-A715-4AB9-AAD1-39B7A00D21B8}.Release|Any CPU.Build.0 = Release|Any CPU
		{B1D2C1A7-07F4-44AF-B657-38DFCFEEC08C}.Debug|Any CPU.ActiveCfg = Debug|Any CPU
		{B1D2C1A7-07F4-44AF-B657-38DFCFEEC08C}.Debug|Any CPU.Build.0 = Debug|Any CPU
		{B1D2C1A7-07F4-44AF-B657-38DFCFEEC08C}.Release|Any CPU.ActiveCfg = Release|Any CPU
		{B1D2C1A7-07F4-44AF-B657-38DFCFEEC08C}.Release|Any CPU.Build.0 = Release|Any CPU
		{E6EF17A2-FAA4-402F-B72E-5B6360385F1D}.Debug|Any CPU.ActiveCfg = Debug|Any CPU
		{E6EF17A2-FAA4-402F-B72E-5B6360385F1D}.Debug|Any CPU.Build.0 = Debug|Any CPU
		{E6EF17A2-FAA4-402F-B72E-5B6360385F1D}.Release|Any CPU.ActiveCfg = Release|Any CPU
		{E6EF17A2-FAA4-402F-B72E-5B6360385F1D}.Release|Any CPU.Build.0 = Release|Any CPU
		{3E84F7A1-B1F5-4B32-9B4D-5410DD8F83BF}.Debug|Any CPU.ActiveCfg = Debug|Any CPU
		{3E84F7A1-B1F5-4B32-9B4D-5410DD8F83BF}.Debug|Any CPU.Build.0 = Debug|Any CPU
		{3E84F7A1-B1F5-4B32-9B4D-5410DD8F83BF}.Release|Any CPU.ActiveCfg = Release|Any CPU
		{3E84F7A1-B1F5-4B32-9B4D-5410DD8F83BF}.Release|Any CPU.Build.0 = Release|Any CPU
		{0D5CA5D7-BF98-464A-9C84-4381A24970BA}.Debug|Any CPU.ActiveCfg = Debug|Any CPU
		{0D5CA5D7-BF98-464A-9C84-4381A24970BA}.Debug|Any CPU.Build.0 = Debug|Any CPU
		{0D5CA5D7-BF98-464A-9C84-4381A24970BA}.Release|Any CPU.ActiveCfg = Release|Any CPU
		{0D5CA5D7-BF98-464A-9C84-4381A24970BA}.Release|Any CPU.Build.0 = Release|Any CPU
		{706D6C4A-02BF-4718-8DBD-71C42861E982}.Debug|Any CPU.ActiveCfg = Debug|Any CPU
		{706D6C4A-02BF-4718-8DBD-71C42861E982}.Debug|Any CPU.Build.0 = Debug|Any CPU
		{706D6C4A-02BF-4718-8DBD-71C42861E982}.Release|Any CPU.ActiveCfg = Release|Any CPU
		{706D6C4A-02BF-4718-8DBD-71C42861E982}.Release|Any CPU.Build.0 = Release|Any CPU
		{977DE612-9FDF-4ACF-8A65-6D8170AA34A4}.Debug|Any CPU.ActiveCfg = Debug|Any CPU
		{977DE612-9FDF-4ACF-8A65-6D8170AA34A4}.Debug|Any CPU.Build.0 = Debug|Any CPU
		{977DE612-9FDF-4ACF-8A65-6D8170AA34A4}.Release|Any CPU.ActiveCfg = Release|Any CPU
		{977DE612-9FDF-4ACF-8A65-6D8170AA34A4}.Release|Any CPU.Build.0 = Release|Any CPU
		{6ACEBDA6-9594-4EBD-B0FB-E90980E4D9AD}.Debug|Any CPU.ActiveCfg = Debug|Any CPU
		{6ACEBDA6-9594-4EBD-B0FB-E90980E4D9AD}.Debug|Any CPU.Build.0 = Debug|Any CPU
		{6ACEBDA6-9594-4EBD-B0FB-E90980E4D9AD}.Release|Any CPU.ActiveCfg = Release|Any CPU
		{6ACEBDA6-9594-4EBD-B0FB-E90980E4D9AD}.Release|Any CPU.Build.0 = Release|Any CPU
		{32614191-DB64-4B40-8651-D3827CC6BF53}.Debug|Any CPU.ActiveCfg = Debug|Any CPU
		{32614191-DB64-4B40-8651-D3827CC6BF53}.Debug|Any CPU.Build.0 = Debug|Any CPU
		{32614191-DB64-4B40-8651-D3827CC6BF53}.Release|Any CPU.ActiveCfg = Release|Any CPU
		{32614191-DB64-4B40-8651-D3827CC6BF53}.Release|Any CPU.Build.0 = Release|Any CPU
		{1C64221F-8727-4F16-AE82-9441F67C724C}.Debug|Any CPU.ActiveCfg = Debug|Any CPU
		{1C64221F-8727-4F16-AE82-9441F67C724C}.Debug|Any CPU.Build.0 = Debug|Any CPU
		{1C64221F-8727-4F16-AE82-9441F67C724C}.Release|Any CPU.ActiveCfg = Release|Any CPU
		{1C64221F-8727-4F16-AE82-9441F67C724C}.Release|Any CPU.Build.0 = Release|Any CPU
		{45914FE4-A172-4D3A-8C8B-83E40A86EAF0}.Debug|Any CPU.ActiveCfg = Debug|Any CPU
		{45914FE4-A172-4D3A-8C8B-83E40A86EAF0}.Debug|Any CPU.Build.0 = Debug|Any CPU
		{45914FE4-A172-4D3A-8C8B-83E40A86EAF0}.Release|Any CPU.ActiveCfg = Release|Any CPU
		{45914FE4-A172-4D3A-8C8B-83E40A86EAF0}.Release|Any CPU.Build.0 = Release|Any CPU
		{EA35CBFB-9302-4053-A606-EFDC3DFB5C72}.Debug|Any CPU.ActiveCfg = Debug|Any CPU
		{EA35CBFB-9302-4053-A606-EFDC3DFB5C72}.Debug|Any CPU.Build.0 = Debug|Any CPU
		{EA35CBFB-9302-4053-A606-EFDC3DFB5C72}.Release|Any CPU.ActiveCfg = Release|Any CPU
		{EA35CBFB-9302-4053-A606-EFDC3DFB5C72}.Release|Any CPU.Build.0 = Release|Any CPU
		{77741B76-8C4A-42B2-AE12-D3F9A0436B65}.Debug|Any CPU.ActiveCfg = Debug|Any CPU
		{77741B76-8C4A-42B2-AE12-D3F9A0436B65}.Debug|Any CPU.Build.0 = Debug|Any CPU
		{77741B76-8C4A-42B2-AE12-D3F9A0436B65}.Release|Any CPU.ActiveCfg = Release|Any CPU
		{77741B76-8C4A-42B2-AE12-D3F9A0436B65}.Release|Any CPU.Build.0 = Release|Any CPU
		{4D14648A-EC11-4BBA-BA60-8994DE54EB43}.Debug|Any CPU.ActiveCfg = Debug|Any CPU
		{4D14648A-EC11-4BBA-BA60-8994DE54EB43}.Debug|Any CPU.Build.0 = Debug|Any CPU
		{4D14648A-EC11-4BBA-BA60-8994DE54EB43}.Release|Any CPU.ActiveCfg = Release|Any CPU
		{4D14648A-EC11-4BBA-BA60-8994DE54EB43}.Release|Any CPU.Build.0 = Release|Any CPU
		{F37E7A7A-3932-4331-A676-5556A9004830}.Debug|Any CPU.ActiveCfg = Debug|Any CPU
		{F37E7A7A-3932-4331-A676-5556A9004830}.Debug|Any CPU.Build.0 = Debug|Any CPU
		{F37E7A7A-3932-4331-A676-5556A9004830}.Release|Any CPU.ActiveCfg = Release|Any CPU
		{F37E7A7A-3932-4331-A676-5556A9004830}.Release|Any CPU.Build.0 = Release|Any CPU
		{9C53CEA5-73AE-4FD9-89F3-0C63F6F94B69}.Debug|Any CPU.ActiveCfg = Debug|Any CPU
		{9C53CEA5-73AE-4FD9-89F3-0C63F6F94B69}.Debug|Any CPU.Build.0 = Debug|Any CPU
		{9C53CEA5-73AE-4FD9-89F3-0C63F6F94B69}.Release|Any CPU.ActiveCfg = Release|Any CPU
		{9C53CEA5-73AE-4FD9-89F3-0C63F6F94B69}.Release|Any CPU.Build.0 = Release|Any CPU
		{E462E054-6FEC-476D-8A3D-2E11A0ACBB08}.Debug|Any CPU.ActiveCfg = Debug|Any CPU
		{E462E054-6FEC-476D-8A3D-2E11A0ACBB08}.Debug|Any CPU.Build.0 = Debug|Any CPU
		{E462E054-6FEC-476D-8A3D-2E11A0ACBB08}.Release|Any CPU.ActiveCfg = Release|Any CPU
		{E462E054-6FEC-476D-8A3D-2E11A0ACBB08}.Release|Any CPU.Build.0 = Release|Any CPU
		{72B2BCCB-9298-4E87-B35B-3490E9984F0A}.Debug|Any CPU.ActiveCfg = Debug|Any CPU
		{72B2BCCB-9298-4E87-B35B-3490E9984F0A}.Debug|Any CPU.Build.0 = Debug|Any CPU
		{72B2BCCB-9298-4E87-B35B-3490E9984F0A}.Release|Any CPU.ActiveCfg = Release|Any CPU
		{72B2BCCB-9298-4E87-B35B-3490E9984F0A}.Release|Any CPU.Build.0 = Release|Any CPU
		{4E21B23C-725E-465C-9ABC-153B51920B4D}.Debug|Any CPU.ActiveCfg = Debug|Any CPU
		{4E21B23C-725E-465C-9ABC-153B51920B4D}.Debug|Any CPU.Build.0 = Debug|Any CPU
		{4E21B23C-725E-465C-9ABC-153B51920B4D}.Release|Any CPU.ActiveCfg = Release|Any CPU
		{4E21B23C-725E-465C-9ABC-153B51920B4D}.Release|Any CPU.Build.0 = Release|Any CPU
	EndGlobalSection
	GlobalSection(SolutionProperties) = preSolution
		HideSolutionNode = FALSE
	EndGlobalSection
EndGlobal
